// !$*UTF8*$!
{
	archiveVersion = 1;
	classes = {
	};
	objectVersion = 46;
	objects = {

/* Begin PBXBuildFile section */
		056E709A27CAC35100C745DA /* images.xcassets in Resources */ = {isa = PBXBuildFile; fileRef = 056E709927CAC35100C745DA /* images.xcassets */; };
		05B074C71DE6F325003611FE /* CGRectEx.swift in Sources */ = {isa = PBXBuildFile; fileRef = 05B074C61DE6F325003611FE /* CGRectEx.swift */; };
		05B074D41DE6F358003611FE /* SwiftNotify.h in Headers */ = {isa = PBXBuildFile; fileRef = 05B074CF1DE6F358003611FE /* SwiftNotify.h */; settings = {ATTRIBUTES = (Public, ); }; };
		05B074D51DE6F358003611FE /* SwiftNotify.swift in Sources */ = {isa = PBXBuildFile; fileRef = 05B074D01DE6F358003611FE /* SwiftNotify.swift */; };
		05B074D61DE6F358003611FE /* SwiftNotifyDelegate.swift in Sources */ = {isa = PBXBuildFile; fileRef = 05B074D11DE6F358003611FE /* SwiftNotifyDelegate.swift */; };
		05B074D71DE6F358003611FE /* Notice.swift in Sources */ = {isa = PBXBuildFile; fileRef = 05B074D21DE6F358003611FE /* Notice.swift */; };
		05F750F527CA83EC0099A9C9 /* SwiftNotify.framework in Frameworks */ = {isa = PBXBuildFile; fileRef = 05C8271D1DD31B7A003E0C5E /* SwiftNotify.framework */; };
		05F750FB27CA86170099A9C9 /* SwiftNotifyTests.swift in Sources */ = {isa = PBXBuildFile; fileRef = 05C8272B1DD31B7A003E0C5E /* SwiftNotifyTests.swift */; };
		05F750FC27CA861E0099A9C9 /* Info.plist in Resources */ = {isa = PBXBuildFile; fileRef = 05C8272D1DD31B7A003E0C5E /* Info.plist */; };
		210960A1578A3EE63F71B027 /* ToastLightConfig.swift in Sources */ = {isa = PBXBuildFile; fileRef = 21096C215B6F2293012E6085 /* ToastLightConfig.swift */; };
		210961DD53D062E4A0D3A97B /* NoticeNotification.swift in Sources */ = {isa = PBXBuildFile; fileRef = 21096331922D41D34FB1854D /* NoticeNotification.swift */; };
		210962A8984C4DCA8DC80B8D /* ClassicView.swift in Sources */ = {isa = PBXBuildFile; fileRef = 21096B1436056D7636453BA5 /* ClassicView.swift */; };
		210962C6B0455A4B020EA06A /* ToastDarkConfig.swift in Sources */ = {isa = PBXBuildFile; fileRef = 210962D274D6B9D681AF4700 /* ToastDarkConfig.swift */; };
		21096450F7BAAC542C9E9869 /* LevelsEnum.swift in Sources */ = {isa = PBXBuildFile; fileRef = 2109609804B9C0E71BCB960E /* LevelsEnum.swift */; };
		2109651BE0E7DA58BBA4735A /* CyberView.swift in Sources */ = {isa = PBXBuildFile; fileRef = 210963925DE8694B088FA382 /* CyberView.swift */; };
		21096552B3D1DA1E4A390C7F /* PhysicsConfig.swift in Sources */ = {isa = PBXBuildFile; fileRef = 21096D2BAC679BAC1AE0C5C0 /* PhysicsConfig.swift */; };
		210965564CC9758BEDA24863 /* NoticeManager.swift in Sources */ = {isa = PBXBuildFile; fileRef = 210968E09F8C34791D946706 /* NoticeManager.swift */; };
		210965D0448C709184910CB4 /* CyberLightConfig.swift in Sources */ = {isa = PBXBuildFile; fileRef = 21096FA00F04FCB08F5CE823 /* CyberLightConfig.swift */; };
		21096641DB3CCE393308F9CA /* ClassicDarkConfig.swift in Sources */ = {isa = PBXBuildFile; fileRef = 21096CB6CBE60B7EC46CA718 /* ClassicDarkConfig.swift */; };
		210966D37A915A44A18CB692 /* ToastView.swift in Sources */ = {isa = PBXBuildFile; fileRef = 21096B9EE11D98DEB5AE7693 /* ToastView.swift */; };
		21096898C0B7339039DA1CD2 /* DefaultIcons.swift in Sources */ = {isa = PBXBuildFile; fileRef = 21096B4519E5B46880BE3DB9 /* DefaultIcons.swift */; };
		210968FA69FB585CD571DB41 /* DurationsEnum.swift in Sources */ = {isa = PBXBuildFile; fileRef = 210966FF8E0CA5F582FE70B1 /* DurationsEnum.swift */; };
		210969751DDEA0FF75ABF036 /* ThemesEnum.swift in Sources */ = {isa = PBXBuildFile; fileRef = 210967C10C8659F2C6F11984 /* ThemesEnum.swift */; };
		210969B0192DF8D06BE73855 /* ClassicLightConfig.swift in Sources */ = {isa = PBXBuildFile; fileRef = 21096C9A5E0EFCDC3EE90618 /* ClassicLightConfig.swift */; };
		21096AA450E4BC7A4EAD887C /* ThemeConfig.swift in Sources */ = {isa = PBXBuildFile; fileRef = 21096003BB2672E5504DFD69 /* ThemeConfig.swift */; };
		21096C676797FCC3A4D68DAA /* LevelConfig.swift in Sources */ = {isa = PBXBuildFile; fileRef = 21096C6224A82A2744032B56 /* LevelConfig.swift */; };
		21096C72458D67A9048DE709 /* DefaultColors.swift in Sources */ = {isa = PBXBuildFile; fileRef = 21096CB51760D8F0E132BE6C /* DefaultColors.swift */; };
		21096C734DC8F5B35A2C84AC /* NoticeViewBase.swift in Sources */ = {isa = PBXBuildFile; fileRef = 21096878CB2AC9C75EC6EC3C /* NoticeViewBase.swift */; };
		21096C9F17C8058EBC2ABD70 /* NoticeView.swift in Sources */ = {isa = PBXBuildFile; fileRef = 21096CC6DDD7FFA6704AE5FC /* NoticeView.swift */; };
		21096D6BF6B537E4148CC8E2 /* ToPositionsEnum.swift in Sources */ = {isa = PBXBuildFile; fileRef = 210966991022B78DC4EBF7C5 /* ToPositionsEnum.swift */; };
		21096F0CEB585EEF603D9009 /* FromPositionsEnum.swift in Sources */ = {isa = PBXBuildFile; fileRef = 21096F8CD708FEE28BD9CEBD /* FromPositionsEnum.swift */; };
		21096F912853CC61F49D3482 /* CyberDarkConfig.swift in Sources */ = {isa = PBXBuildFile; fileRef = 21096850DADBB65CE7EFE236 /* CyberDarkConfig.swift */; };
		B27359631FE61C89003333BC /* SwiftNotifyResources.bundle in Resources */ = {isa = PBXBuildFile; fileRef = 05E511D91DE6A69900D3B765 /* SwiftNotifyResources.bundle */; };
/* End PBXBuildFile section */

/* Begin PBXContainerItemProxy section */
		05E511E11DE6A72200D3B765 /* PBXContainerItemProxy */ = {
			isa = PBXContainerItemProxy;
			containerPortal = 05C827141DD31B7A003E0C5E /* Project object */;
			proxyType = 1;
			remoteGlobalIDString = 05E511D81DE6A69900D3B765;
			remoteInfo = SwiftNotifyResources;
		};
		05F750F627CA83EC0099A9C9 /* PBXContainerItemProxy */ = {
			isa = PBXContainerItemProxy;
			containerPortal = 05C827141DD31B7A003E0C5E /* Project object */;
			proxyType = 1;
			remoteGlobalIDString = 05C8271C1DD31B7A003E0C5E;
			remoteInfo = SwiftNotify;
		};
/* End PBXContainerItemProxy section */

/* Begin PBXCopyFilesBuildPhase section */
		05E511DF1DE6A6A600D3B765 /* CopyFiles */ = {
			isa = PBXCopyFilesBuildPhase;
			buildActionMask = 2147483647;
			dstPath = "";
			dstSubfolderSpec = 7;
			files = (
			);
			runOnlyForDeploymentPostprocessing = 0;
		};
/* End PBXCopyFilesBuildPhase section */

/* Begin PBXFileReference section */
		056E709927CAC35100C745DA /* images.xcassets */ = {isa = PBXFileReference; lastKnownFileType = folder.assetcatalog; path = images.xcassets; sourceTree = "<group>"; };
		05A4828B27CA9449006805E5 /* LICENSE */ = {isa = PBXFileReference; fileEncoding = 4; lastKnownFileType = text; path = LICENSE; sourceTree = "<group>"; };
		05A4828C27CA9449006805E5 /* SwiftNotify.podspec */ = {isa = PBXFileReference; fileEncoding = 4; lastKnownFileType = text; path = SwiftNotify.podspec; sourceTree = "<group>"; };
		05A4828D27CA9449006805E5 /* Package.swift */ = {isa = PBXFileReference; fileEncoding = 4; lastKnownFileType = sourcecode.swift; path = Package.swift; sourceTree = "<group>"; };
		05B074C61DE6F325003611FE /* CGRectEx.swift */ = {isa = PBXFileReference; fileEncoding = 4; lastKnownFileType = sourcecode.swift; name = CGRectEx.swift; path = Sources/SwiftNotify/Extension/CGRectEx.swift; sourceTree = SOURCE_ROOT; };
		05B074CF1DE6F358003611FE /* SwiftNotify.h */ = {isa = PBXFileReference; fileEncoding = 4; lastKnownFileType = sourcecode.c.h; name = SwiftNotify.h; path = Sources/SwiftNotify/SwiftNotify.h; sourceTree = SOURCE_ROOT; };
		05B074D01DE6F358003611FE /* SwiftNotify.swift */ = {isa = PBXFileReference; fileEncoding = 4; lastKnownFileType = sourcecode.swift; name = SwiftNotify.swift; path = Sources/SwiftNotify/SwiftNotify.swift; sourceTree = SOURCE_ROOT; };
		05B074D11DE6F358003611FE /* SwiftNotifyDelegate.swift */ = {isa = PBXFileReference; fileEncoding = 4; lastKnownFileType = sourcecode.swift; name = SwiftNotifyDelegate.swift; path = Sources/SwiftNotify/SwiftNotifyDelegate.swift; sourceTree = SOURCE_ROOT; };
		05B074D21DE6F358003611FE /* Notice.swift */ = {isa = PBXFileReference; fileEncoding = 4; lastKnownFileType = sourcecode.swift; name = Notice.swift; path = Sources/SwiftNotify/Notice.swift; sourceTree = SOURCE_ROOT; };
		05C8271D1DD31B7A003E0C5E /* SwiftNotify.framework */ = {isa = PBXFileReference; explicitFileType = wrapper.framework; includeInIndex = 0; path = SwiftNotify.framework; sourceTree = BUILT_PRODUCTS_DIR; };
		05C827211DD31B7A003E0C5E /* Info.plist */ = {isa = PBXFileReference; lastKnownFileType = text.plist.info; path = Info.plist; sourceTree = "<group>"; };
		05C8272B1DD31B7A003E0C5E /* SwiftNotifyTests.swift */ = {isa = PBXFileReference; lastKnownFileType = sourcecode.swift; path = SwiftNotifyTests.swift; sourceTree = "<group>"; };
		05C8272D1DD31B7A003E0C5E /* Info.plist */ = {isa = PBXFileReference; lastKnownFileType = text.plist.info; path = Info.plist; sourceTree = "<group>"; };
		05E511D91DE6A69900D3B765 /* SwiftNotifyResources.bundle */ = {isa = PBXFileReference; explicitFileType = wrapper.cfbundle; includeInIndex = 0; path = SwiftNotifyResources.bundle; sourceTree = BUILT_PRODUCTS_DIR; };
		05F750F127CA83EC0099A9C9 /* SwiftNotifyTests.xctest */ = {isa = PBXFileReference; explicitFileType = wrapper.cfbundle; includeInIndex = 0; path = SwiftNotifyTests.xctest; sourceTree = BUILT_PRODUCTS_DIR; };
		21096003BB2672E5504DFD69 /* ThemeConfig.swift */ = {isa = PBXFileReference; fileEncoding = 4; lastKnownFileType = sourcecode.swift; path = ThemeConfig.swift; sourceTree = "<group>"; };
		2109609804B9C0E71BCB960E /* LevelsEnum.swift */ = {isa = PBXFileReference; fileEncoding = 4; lastKnownFileType = sourcecode.swift; path = LevelsEnum.swift; sourceTree = "<group>"; };
		21096182457F39E02B5F037E /* Info.plist */ = {isa = PBXFileReference; fileEncoding = 4; lastKnownFileType = text.plist.info; path = Info.plist; sourceTree = "<group>"; };
		210962D274D6B9D681AF4700 /* ToastDarkConfig.swift */ = {isa = PBXFileReference; fileEncoding = 4; lastKnownFileType = sourcecode.swift; path = ToastDarkConfig.swift; sourceTree = "<group>"; };
		21096331922D41D34FB1854D /* NoticeNotification.swift */ = {isa = PBXFileReference; fileEncoding = 4; lastKnownFileType = sourcecode.swift; path = NoticeNotification.swift; sourceTree = "<group>"; };
		210963925DE8694B088FA382 /* CyberView.swift */ = {isa = PBXFileReference; fileEncoding = 4; lastKnownFileType = sourcecode.swift; path = CyberView.swift; sourceTree = "<group>"; };
		210966018DE8094708BE19D1 /* .gitignore */ = {isa = PBXFileReference; lastKnownFileType = file.gitignore; path = .gitignore; sourceTree = "<group>"; };
		210966991022B78DC4EBF7C5 /* ToPositionsEnum.swift */ = {isa = PBXFileReference; fileEncoding = 4; lastKnownFileType = sourcecode.swift; path = ToPositionsEnum.swift; sourceTree = "<group>"; };
		210966FF8E0CA5F582FE70B1 /* DurationsEnum.swift */ = {isa = PBXFileReference; fileEncoding = 4; lastKnownFileType = sourcecode.swift; path = DurationsEnum.swift; sourceTree = "<group>"; };
		210967C10C8659F2C6F11984 /* ThemesEnum.swift */ = {isa = PBXFileReference; fileEncoding = 4; lastKnownFileType = sourcecode.swift; path = ThemesEnum.swift; sourceTree = "<group>"; };
		21096850DADBB65CE7EFE236 /* CyberDarkConfig.swift */ = {isa = PBXFileReference; fileEncoding = 4; lastKnownFileType = sourcecode.swift; path = CyberDarkConfig.swift; sourceTree = "<group>"; };
		21096878CB2AC9C75EC6EC3C /* NoticeViewBase.swift */ = {isa = PBXFileReference; fileEncoding = 4; lastKnownFileType = sourcecode.swift; path = NoticeViewBase.swift; sourceTree = "<group>"; };
		210968E09F8C34791D946706 /* NoticeManager.swift */ = {isa = PBXFileReference; fileEncoding = 4; lastKnownFileType = sourcecode.swift; path = NoticeManager.swift; sourceTree = "<group>"; };
		21096B1436056D7636453BA5 /* ClassicView.swift */ = {isa = PBXFileReference; fileEncoding = 4; lastKnownFileType = sourcecode.swift; path = ClassicView.swift; sourceTree = "<group>"; };
		21096B4519E5B46880BE3DB9 /* DefaultIcons.swift */ = {isa = PBXFileReference; fileEncoding = 4; lastKnownFileType = sourcecode.swift; path = DefaultIcons.swift; sourceTree = "<group>"; };
		21096B9EE11D98DEB5AE7693 /* ToastView.swift */ = {isa = PBXFileReference; fileEncoding = 4; lastKnownFileType = sourcecode.swift; path = ToastView.swift; sourceTree = "<group>"; };
		21096C215B6F2293012E6085 /* ToastLightConfig.swift */ = {isa = PBXFileReference; fileEncoding = 4; lastKnownFileType = sourcecode.swift; path = ToastLightConfig.swift; sourceTree = "<group>"; };
		21096C6224A82A2744032B56 /* LevelConfig.swift */ = {isa = PBXFileReference; fileEncoding = 4; lastKnownFileType = sourcecode.swift; path = LevelConfig.swift; sourceTree = "<group>"; };
		21096C9A5E0EFCDC3EE90618 /* ClassicLightConfig.swift */ = {isa = PBXFileReference; fileEncoding = 4; lastKnownFileType = sourcecode.swift; path = ClassicLightConfig.swift; sourceTree = "<group>"; };
		21096CB51760D8F0E132BE6C /* DefaultColors.swift */ = {isa = PBXFileReference; fileEncoding = 4; lastKnownFileType = sourcecode.swift; path = DefaultColors.swift; sourceTree = "<group>"; };
		21096CB6CBE60B7EC46CA718 /* ClassicDarkConfig.swift */ = {isa = PBXFileReference; fileEncoding = 4; lastKnownFileType = sourcecode.swift; path = ClassicDarkConfig.swift; sourceTree = "<group>"; };
		21096CC6DDD7FFA6704AE5FC /* NoticeView.swift */ = {isa = PBXFileReference; fileEncoding = 4; lastKnownFileType = sourcecode.swift; path = NoticeView.swift; sourceTree = "<group>"; };
		21096D2BAC679BAC1AE0C5C0 /* PhysicsConfig.swift */ = {isa = PBXFileReference; fileEncoding = 4; lastKnownFileType = sourcecode.swift; path = PhysicsConfig.swift; sourceTree = "<group>"; };
		21096F8CD708FEE28BD9CEBD /* FromPositionsEnum.swift */ = {isa = PBXFileReference; fileEncoding = 4; lastKnownFileType = sourcecode.swift; path = FromPositionsEnum.swift; sourceTree = "<group>"; };
		21096FA00F04FCB08F5CE823 /* CyberLightConfig.swift */ = {isa = PBXFileReference; fileEncoding = 4; lastKnownFileType = sourcecode.swift; path = CyberLightConfig.swift; sourceTree = "<group>"; };
/* End PBXFileReference section */

/* Begin PBXFrameworksBuildPhase section */
		05C827191DD31B7A003E0C5E /* Frameworks */ = {
			isa = PBXFrameworksBuildPhase;
			buildActionMask = 2147483647;
			files = (
			);
			runOnlyForDeploymentPostprocessing = 0;
		};
		05E511D61DE6A69900D3B765 /* Frameworks */ = {
			isa = PBXFrameworksBuildPhase;
			buildActionMask = 2147483647;
			files = (
			);
			runOnlyForDeploymentPostprocessing = 0;
		};
		05F750EE27CA83EC0099A9C9 /* Frameworks */ = {
			isa = PBXFrameworksBuildPhase;
			buildActionMask = 2147483647;
			files = (
				05F750F527CA83EC0099A9C9 /* SwiftNotify.framework in Frameworks */,
			);
			runOnlyForDeploymentPostprocessing = 0;
		};
/* End PBXFrameworksBuildPhase section */

/* Begin PBXGroup section */
		0515001927CA7D6A00A15BA5 /* Tests */ = {
			isa = PBXGroup;
			children = (
				0515001A27CA7D6A00A15BA5 /* SwiftNotifyTests */,
			);
			path = Tests;
			sourceTree = "<group>";
		};
		0515001A27CA7D6A00A15BA5 /* SwiftNotifyTests */ = {
			isa = PBXGroup;
			children = (
				05C8272B1DD31B7A003E0C5E /* SwiftNotifyTests.swift */,
				05C8272D1DD31B7A003E0C5E /* Info.plist */,
			);
			path = SwiftNotifyTests;
			sourceTree = "<group>";
		};
		0515001D27CA7D7900A15BA5 /* Sources */ = {
			isa = PBXGroup;
			children = (
				0515001E27CA7D7900A15BA5 /* SwiftNotify */,
			);
			path = Sources;
			sourceTree = "<group>";
		};
		0515001E27CA7D7900A15BA5 /* SwiftNotify */ = {
			isa = PBXGroup;
			children = (
				0532121F1DD95F0D0008581A /* Extension */,
				21096A91E16EF8D579E001D1 /* Enums */,
				21096C6846A7E6C01254CFBA /* Themes */,
				210968E09F8C34791D946706 /* NoticeManager.swift */,
				21096331922D41D34FB1854D /* NoticeNotification.swift */,
				05B074D11DE6F358003611FE /* SwiftNotifyDelegate.swift */,
				05B074D01DE6F358003611FE /* SwiftNotify.swift */,
				21096D2BAC679BAC1AE0C5C0 /* PhysicsConfig.swift */,
				05B074D21DE6F358003611FE /* Notice.swift */,
				05B074CF1DE6F358003611FE /* SwiftNotify.h */,
				05C827211DD31B7A003E0C5E /* Info.plist */,
				2109614E5B2B7FC4D5422EE8 /* NotifyResources */,
			);
			path = SwiftNotify;
			sourceTree = "<group>";
		};
		0532121F1DD95F0D0008581A /* Extension */ = {
			isa = PBXGroup;
			children = (
				05B074C61DE6F325003611FE /* CGRectEx.swift */,
			);
			path = Extension;
			sourceTree = "<group>";
		};
		05840B2927D10722009FD18A /* Defaults */ = {
			isa = PBXGroup;
			children = (
				21096CB51760D8F0E132BE6C /* DefaultColors.swift */,
				21096B4519E5B46880BE3DB9 /* DefaultIcons.swift */,
				210961A17C385F209D0CE529 /* Classic */,
				21096D0F855DF664F4F1B3A9 /* Cyber */,
				21096DBE8EE4545617E5C4A1 /* Toast */,
			);
			path = Defaults;
			sourceTree = "<group>";
		};
		05C827131DD31B7A003E0C5E = {
			isa = PBXGroup;
			children = (
				210960F15D625FA291CD313F /* Deployment */,
				0515001D27CA7D7900A15BA5 /* Sources */,
				0515001927CA7D6A00A15BA5 /* Tests */,
				210966018DE8094708BE19D1 /* .gitignore */,
				05C8271E1DD31B7A003E0C5E /* Products */,
				05C827371DD31FCE003E0C5E /* Frameworks */,
			);
			sourceTree = "<group>";
		};
		05C8271E1DD31B7A003E0C5E /* Products */ = {
			isa = PBXGroup;
			children = (
				05C8271D1DD31B7A003E0C5E /* SwiftNotify.framework */,
				05E511D91DE6A69900D3B765 /* SwiftNotifyResources.bundle */,
				05F750F127CA83EC0099A9C9 /* SwiftNotifyTests.xctest */,
			);
			name = Products;
			sourceTree = "<group>";
		};
		05C827371DD31FCE003E0C5E /* Frameworks */ = {
			isa = PBXGroup;
			children = (
			);
			name = Frameworks;
			sourceTree = "<group>";
		};
		210960F15D625FA291CD313F /* Deployment */ = {
			isa = PBXGroup;
			children = (
				05A4828B27CA9449006805E5 /* LICENSE */,
				05A4828D27CA9449006805E5 /* Package.swift */,
				05A4828C27CA9449006805E5 /* SwiftNotify.podspec */,
			);
			name = Deployment;
			sourceTree = "<group>";
		};
		2109614E5B2B7FC4D5422EE8 /* NotifyResources */ = {
			isa = PBXGroup;
			children = (
				056E709927CAC35100C745DA /* images.xcassets */,
				21096182457F39E02B5F037E /* Info.plist */,
			);
			path = NotifyResources;
			sourceTree = "<group>";
		};
		210961A17C385F209D0CE529 /* Classic */ = {
			isa = PBXGroup;
			children = (
				21096C9A5E0EFCDC3EE90618 /* ClassicLightConfig.swift */,
				21096CB6CBE60B7EC46CA718 /* ClassicDarkConfig.swift */,
			);
			path = Classic;
			sourceTree = "<group>";
		};
		2109620A907635E149BF3A90 /* Enums */ = {
			isa = PBXGroup;
			children = (
			);
			path = Enums;
			sourceTree = "<group>";
		};
		210964C953BD927BD1621CE6 /* Protocols */ = {
			isa = PBXGroup;
			children = (
				21096003BB2672E5504DFD69 /* ThemeConfig.swift */,
				21096C6224A82A2744032B56 /* LevelConfig.swift */,
				21096CC6DDD7FFA6704AE5FC /* NoticeView.swift */,
			);
			path = Protocols;
			sourceTree = "<group>";
		};
		21096A91E16EF8D579E001D1 /* Enums */ = {
			isa = PBXGroup;
			children = (
				210967C10C8659F2C6F11984 /* ThemesEnum.swift */,
				2109609804B9C0E71BCB960E /* LevelsEnum.swift */,
				210966FF8E0CA5F582FE70B1 /* DurationsEnum.swift */,
				21096F8CD708FEE28BD9CEBD /* FromPositionsEnum.swift */,
				210966991022B78DC4EBF7C5 /* ToPositionsEnum.swift */,
			);
			path = Enums;
			sourceTree = "<group>";
		};
		21096C6846A7E6C01254CFBA /* Themes */ = {
			isa = PBXGroup;
			children = (
				2109620A907635E149BF3A90 /* Enums */,
				05840B2927D10722009FD18A /* Defaults */,
				210964C953BD927BD1621CE6 /* Protocols */,
				21096F897CA3D69B3AB69DC0 /* SwiftNoticeView */,
			);
			path = Themes;
			sourceTree = "<group>";
		};
		21096D0F855DF664F4F1B3A9 /* Cyber */ = {
			isa = PBXGroup;
			children = (
				21096FA00F04FCB08F5CE823 /* CyberLightConfig.swift */,
				21096850DADBB65CE7EFE236 /* CyberDarkConfig.swift */,
			);
			path = Cyber;
			sourceTree = "<group>";
		};
		21096DBE8EE4545617E5C4A1 /* Toast */ = {
			isa = PBXGroup;
			children = (
				21096C215B6F2293012E6085 /* ToastLightConfig.swift */,
				210962D274D6B9D681AF4700 /* ToastDarkConfig.swift */,
			);
			path = Toast;
			sourceTree = "<group>";
		};
		21096F897CA3D69B3AB69DC0 /* SwiftNoticeView */ = {
			isa = PBXGroup;
			children = (
				21096B1436056D7636453BA5 /* ClassicView.swift */,
				210963925DE8694B088FA382 /* CyberView.swift */,
				21096B9EE11D98DEB5AE7693 /* ToastView.swift */,
				21096878CB2AC9C75EC6EC3C /* NoticeViewBase.swift */,
			);
			path = SwiftNoticeView;
			sourceTree = "<group>";
		};
/* End PBXGroup section */

/* Begin PBXHeadersBuildPhase section */
		05C8271A1DD31B7A003E0C5E /* Headers */ = {
			isa = PBXHeadersBuildPhase;
			buildActionMask = 2147483647;
			files = (
				05B074D41DE6F358003611FE /* SwiftNotify.h in Headers */,
			);
			runOnlyForDeploymentPostprocessing = 0;
		};
/* End PBXHeadersBuildPhase section */

/* Begin PBXNativeTarget section */
		05C8271C1DD31B7A003E0C5E /* SwiftNotify */ = {
			isa = PBXNativeTarget;
			buildConfigurationList = 05C827311DD31B7A003E0C5E /* Build configuration list for PBXNativeTarget "SwiftNotify" */;
			buildPhases = (
				05C827181DD31B7A003E0C5E /* Sources */,
				05C827191DD31B7A003E0C5E /* Frameworks */,
				05C8271A1DD31B7A003E0C5E /* Headers */,
				05C8271B1DD31B7A003E0C5E /* Resources */,
				B27359641FE61EAC003333BC /* ShellScript */,
			);
			buildRules = (
			);
			dependencies = (
				05E511E21DE6A72200D3B765 /* PBXTargetDependency */,
			);
			name = SwiftNotify;
			productName = CFDraggableMessage;
			productReference = 05C8271D1DD31B7A003E0C5E /* SwiftNotify.framework */;
			productType = "com.apple.product-type.framework";
		};
		05E511D81DE6A69900D3B765 /* SwiftNotifyResources */ = {
			isa = PBXNativeTarget;
			buildConfigurationList = 05E511DE1DE6A69900D3B765 /* Build configuration list for PBXNativeTarget "SwiftNotifyResources" */;
			buildPhases = (
				05E511D51DE6A69900D3B765 /* Sources */,
				05E511D61DE6A69900D3B765 /* Frameworks */,
				05E511D71DE6A69900D3B765 /* Resources */,
				05E511DF1DE6A6A600D3B765 /* CopyFiles */,
			);
			buildRules = (
			);
			dependencies = (
			);
			name = SwiftNotifyResources;
			productName = SwiftNotifyResources;
			productReference = 05E511D91DE6A69900D3B765 /* SwiftNotifyResources.bundle */;
			productType = "com.apple.product-type.bundle";
		};
		05F750F027CA83EC0099A9C9 /* SwiftNotifyTests */ = {
			isa = PBXNativeTarget;
			buildConfigurationList = 05F750F827CA83EC0099A9C9 /* Build configuration list for PBXNativeTarget "SwiftNotifyTests" */;
			buildPhases = (
				05F750ED27CA83EC0099A9C9 /* Sources */,
				05F750EE27CA83EC0099A9C9 /* Frameworks */,
				05F750EF27CA83EC0099A9C9 /* Resources */,
			);
			buildRules = (
			);
			dependencies = (
				05F750F727CA83EC0099A9C9 /* PBXTargetDependency */,
			);
			name = SwiftNotifyTests;
			productName = SwiftNotifyTests;
			productReference = 05F750F127CA83EC0099A9C9 /* SwiftNotifyTests.xctest */;
			productType = "com.apple.product-type.bundle.unit-test";
		};
/* End PBXNativeTarget section */

/* Begin PBXProject section */
		05C827141DD31B7A003E0C5E /* Project object */ = {
			isa = PBXProject;
			attributes = {
				LastSwiftUpdateCheck = 1320;
				LastUpgradeCheck = 1320;
				ORGANIZATIONNAME = "Johnny Tsoi@JT501";
				TargetAttributes = {
					05C8271C1DD31B7A003E0C5E = {
						CreatedOnToolsVersion = 8.1;
						LastSwiftMigration = 1020;
						ProvisioningStyle = Automatic;
					};
					05E511D81DE6A69900D3B765 = {
						CreatedOnToolsVersion = 8.1;
						ProvisioningStyle = Automatic;
					};
					05F750F027CA83EC0099A9C9 = {
						CreatedOnToolsVersion = 13.2.1;
						DevelopmentTeam = 6J24DF2E7Y;
						ProvisioningStyle = Automatic;
					};
				};
			};
			buildConfigurationList = 05C827171DD31B7A003E0C5E /* Build configuration list for PBXProject "SwiftNotify" */;
			compatibilityVersion = "Xcode 3.2";
			developmentRegion = en;
			hasScannedForEncodings = 0;
			knownRegions = (
				en,
				Base,
			);
			mainGroup = 05C827131DD31B7A003E0C5E;
			productRefGroup = 05C8271E1DD31B7A003E0C5E /* Products */;
			projectDirPath = "";
			projectRoot = "";
			targets = (
				05C8271C1DD31B7A003E0C5E /* SwiftNotify */,
				05F750F027CA83EC0099A9C9 /* SwiftNotifyTests */,
				05E511D81DE6A69900D3B765 /* SwiftNotifyResources */,
			);
		};
/* End PBXProject section */

/* Begin PBXResourcesBuildPhase section */
		05C8271B1DD31B7A003E0C5E /* Resources */ = {
			isa = PBXResourcesBuildPhase;
			buildActionMask = 2147483647;
			files = (
				B27359631FE61C89003333BC /* SwiftNotifyResources.bundle in Resources */,
			);
			runOnlyForDeploymentPostprocessing = 0;
		};
		05E511D71DE6A69900D3B765 /* Resources */ = {
			isa = PBXResourcesBuildPhase;
			buildActionMask = 2147483647;
			files = (
				056E709A27CAC35100C745DA /* images.xcassets in Resources */,
			);
			runOnlyForDeploymentPostprocessing = 0;
		};
		05F750EF27CA83EC0099A9C9 /* Resources */ = {
			isa = PBXResourcesBuildPhase;
			buildActionMask = 2147483647;
			files = (
				05F750FC27CA861E0099A9C9 /* Info.plist in Resources */,
			);
			runOnlyForDeploymentPostprocessing = 0;
		};
/* End PBXResourcesBuildPhase section */

/* Begin PBXShellScriptBuildPhase section */
		B27359641FE61EAC003333BC /* ShellScript */ = {
			isa = PBXShellScriptBuildPhase;
			buildActionMask = 2147483647;
			files = (
			);
			inputPaths = (
			);
			outputPaths = (
			);
			runOnlyForDeploymentPostprocessing = 0;
			shellPath = /bin/sh;
			shellScript = "# Delete the executable in SwiftNotifyResources.bundle\nrm \"${BUILT_PRODUCTS_DIR}/SwiftNotify.framework/SwiftNotifyResources.bundle/SwiftNotifyResources\"\n";
		};
/* End PBXShellScriptBuildPhase section */

/* Begin PBXSourcesBuildPhase section */
		05C827181DD31B7A003E0C5E /* Sources */ = {
			isa = PBXSourcesBuildPhase;
			buildActionMask = 2147483647;
			files = (
				05B074D61DE6F358003611FE /* SwiftNotifyDelegate.swift in Sources */,
				05B074D51DE6F358003611FE /* SwiftNotify.swift in Sources */,
				05B074D71DE6F358003611FE /* Notice.swift in Sources */,
				05B074C71DE6F325003611FE /* CGRectEx.swift in Sources */,
				210965564CC9758BEDA24863 /* NoticeManager.swift in Sources */,
				210961DD53D062E4A0D3A97B /* NoticeNotification.swift in Sources */,
				21096C72458D67A9048DE709 /* DefaultColors.swift in Sources */,
				21096898C0B7339039DA1CD2 /* DefaultIcons.swift in Sources */,
				21096AA450E4BC7A4EAD887C /* ThemeConfig.swift in Sources */,
				21096C676797FCC3A4D68DAA /* LevelConfig.swift in Sources */,
				210962C6B0455A4B020EA06A /* ToastDarkConfig.swift in Sources */,
				210960A1578A3EE63F71B027 /* ToastLightConfig.swift in Sources */,
				21096F912853CC61F49D3482 /* CyberDarkConfig.swift in Sources */,
				210965D0448C709184910CB4 /* CyberLightConfig.swift in Sources */,
				210969B0192DF8D06BE73855 /* ClassicLightConfig.swift in Sources */,
				21096641DB3CCE393308F9CA /* ClassicDarkConfig.swift in Sources */,
				210962A8984C4DCA8DC80B8D /* ClassicView.swift in Sources */,
				2109651BE0E7DA58BBA4735A /* CyberView.swift in Sources */,
				210966D37A915A44A18CB692 /* ToastView.swift in Sources */,
				21096C734DC8F5B35A2C84AC /* NoticeViewBase.swift in Sources */,
				21096C9F17C8058EBC2ABD70 /* NoticeView.swift in Sources */,
				21096552B3D1DA1E4A390C7F /* PhysicsConfig.swift in Sources */,
				210968FA69FB585CD571DB41 /* DurationsEnum.swift in Sources */,
				21096F0CEB585EEF603D9009 /* FromPositionsEnum.swift in Sources */,
				21096D6BF6B537E4148CC8E2 /* ToPositionsEnum.swift in Sources */,
				210969751DDEA0FF75ABF036 /* ThemesEnum.swift in Sources */,
				21096450F7BAAC542C9E9869 /* LevelsEnum.swift in Sources */,
			);
			runOnlyForDeploymentPostprocessing = 0;
		};
		05E511D51DE6A69900D3B765 /* Sources */ = {
			isa = PBXSourcesBuildPhase;
			buildActionMask = 2147483647;
			files = (
			);
			runOnlyForDeploymentPostprocessing = 0;
		};
		05F750ED27CA83EC0099A9C9 /* Sources */ = {
			isa = PBXSourcesBuildPhase;
			buildActionMask = 2147483647;
			files = (
				05F750FB27CA86170099A9C9 /* SwiftNotifyTests.swift in Sources */,
			);
			runOnlyForDeploymentPostprocessing = 0;
		};
/* End PBXSourcesBuildPhase section */

/* Begin PBXTargetDependency section */
		05E511E21DE6A72200D3B765 /* PBXTargetDependency */ = {
			isa = PBXTargetDependency;
			target = 05E511D81DE6A69900D3B765 /* SwiftNotifyResources */;
			targetProxy = 05E511E11DE6A72200D3B765 /* PBXContainerItemProxy */;
		};
		05F750F727CA83EC0099A9C9 /* PBXTargetDependency */ = {
			isa = PBXTargetDependency;
			target = 05C8271C1DD31B7A003E0C5E /* SwiftNotify */;
			targetProxy = 05F750F627CA83EC0099A9C9 /* PBXContainerItemProxy */;
		};
/* End PBXTargetDependency section */

/* Begin XCBuildConfiguration section */
		05C8272F1DD31B7A003E0C5E /* Debug */ = {
			isa = XCBuildConfiguration;
			buildSettings = {
				ALWAYS_SEARCH_USER_PATHS = NO;
				CLANG_ANALYZER_LOCALIZABILITY_NONLOCALIZED = YES;
				CLANG_ANALYZER_NONNULL = YES;
				CLANG_CXX_LANGUAGE_STANDARD = "gnu++0x";
				CLANG_CXX_LIBRARY = "libc++";
				CLANG_ENABLE_MODULES = YES;
				CLANG_ENABLE_OBJC_ARC = YES;
				CLANG_WARN_BLOCK_CAPTURE_AUTORELEASING = YES;
				CLANG_WARN_BOOL_CONVERSION = YES;
				CLANG_WARN_COMMA = YES;
				CLANG_WARN_CONSTANT_CONVERSION = YES;
				CLANG_WARN_DEPRECATED_OBJC_IMPLEMENTATIONS = YES;
				CLANG_WARN_DIRECT_OBJC_ISA_USAGE = YES_ERROR;
				CLANG_WARN_DOCUMENTATION_COMMENTS = YES;
				CLANG_WARN_EMPTY_BODY = YES;
				CLANG_WARN_ENUM_CONVERSION = YES;
				CLANG_WARN_INFINITE_RECURSION = YES;
				CLANG_WARN_INT_CONVERSION = YES;
				CLANG_WARN_NON_LITERAL_NULL_CONVERSION = YES;
				CLANG_WARN_OBJC_IMPLICIT_RETAIN_SELF = YES;
				CLANG_WARN_OBJC_LITERAL_CONVERSION = YES;
				CLANG_WARN_OBJC_ROOT_CLASS = YES_ERROR;
				CLANG_WARN_QUOTED_INCLUDE_IN_FRAMEWORK_HEADER = YES;
				CLANG_WARN_RANGE_LOOP_ANALYSIS = YES;
				CLANG_WARN_STRICT_PROTOTYPES = YES;
				CLANG_WARN_SUSPICIOUS_MOVE = YES;
				CLANG_WARN_SUSPICIOUS_MOVES = YES;
				CLANG_WARN_UNREACHABLE_CODE = YES;
				CLANG_WARN__DUPLICATE_METHOD_MATCH = YES;
				"CODE_SIGN_IDENTITY[sdk=iphoneos*]" = "iPhone Developer";
				COPY_PHASE_STRIP = NO;
				CURRENT_PROJECT_VERSION = 1;
				DEBUG_INFORMATION_FORMAT = dwarf;
				ENABLE_BITCODE = NO;
				ENABLE_STRICT_OBJC_MSGSEND = YES;
				ENABLE_TESTABILITY = YES;
				GCC_C_LANGUAGE_STANDARD = gnu99;
				GCC_DYNAMIC_NO_PIC = NO;
				GCC_NO_COMMON_BLOCKS = YES;
				GCC_OPTIMIZATION_LEVEL = 0;
				GCC_PREPROCESSOR_DEFINITIONS = (
					"DEBUG=1",
					"$(inherited)",
				);
				GCC_WARN_64_TO_32_BIT_CONVERSION = YES;
				GCC_WARN_ABOUT_RETURN_TYPE = YES_ERROR;
				GCC_WARN_UNDECLARED_SELECTOR = YES;
				GCC_WARN_UNINITIALIZED_AUTOS = YES_AGGRESSIVE;
				GCC_WARN_UNUSED_FUNCTION = YES;
				GCC_WARN_UNUSED_VARIABLE = YES;
				IPHONEOS_DEPLOYMENT_TARGET = 10.0;
				MTL_ENABLE_DEBUG_INFO = YES;
				ONLY_ACTIVE_ARCH = YES;
				SDKROOT = iphoneos;
				SKIP_INSTALL = NO;
				SWIFT_ACTIVE_COMPILATION_CONDITIONS = DEBUG;
				SWIFT_OPTIMIZATION_LEVEL = "-Onone";
				SWIFT_VERSION = 5.0;
				TARGETED_DEVICE_FAMILY = "1,2";
				VERSIONING_SYSTEM = "apple-generic";
				VERSION_INFO_PREFIX = "";
			};
			name = Debug;
		};
		05C827301DD31B7A003E0C5E /* Release */ = {
			isa = XCBuildConfiguration;
			buildSettings = {
				ALWAYS_SEARCH_USER_PATHS = NO;
				CLANG_ANALYZER_LOCALIZABILITY_NONLOCALIZED = YES;
				CLANG_ANALYZER_NONNULL = YES;
				CLANG_CXX_LANGUAGE_STANDARD = "gnu++0x";
				CLANG_CXX_LIBRARY = "libc++";
				CLANG_ENABLE_MODULES = YES;
				CLANG_ENABLE_OBJC_ARC = YES;
				CLANG_WARN_BLOCK_CAPTURE_AUTORELEASING = YES;
				CLANG_WARN_BOOL_CONVERSION = YES;
				CLANG_WARN_COMMA = YES;
				CLANG_WARN_CONSTANT_CONVERSION = YES;
				CLANG_WARN_DEPRECATED_OBJC_IMPLEMENTATIONS = YES;
				CLANG_WARN_DIRECT_OBJC_ISA_USAGE = YES_ERROR;
				CLANG_WARN_DOCUMENTATION_COMMENTS = YES;
				CLANG_WARN_EMPTY_BODY = YES;
				CLANG_WARN_ENUM_CONVERSION = YES;
				CLANG_WARN_INFINITE_RECURSION = YES;
				CLANG_WARN_INT_CONVERSION = YES;
				CLANG_WARN_NON_LITERAL_NULL_CONVERSION = YES;
				CLANG_WARN_OBJC_IMPLICIT_RETAIN_SELF = YES;
				CLANG_WARN_OBJC_LITERAL_CONVERSION = YES;
				CLANG_WARN_OBJC_ROOT_CLASS = YES_ERROR;
				CLANG_WARN_QUOTED_INCLUDE_IN_FRAMEWORK_HEADER = YES;
				CLANG_WARN_RANGE_LOOP_ANALYSIS = YES;
				CLANG_WARN_STRICT_PROTOTYPES = YES;
				CLANG_WARN_SUSPICIOUS_MOVE = YES;
				CLANG_WARN_SUSPICIOUS_MOVES = YES;
				CLANG_WARN_UNREACHABLE_CODE = YES;
				CLANG_WARN__DUPLICATE_METHOD_MATCH = YES;
				"CODE_SIGN_IDENTITY[sdk=iphoneos*]" = "iPhone Developer";
				COPY_PHASE_STRIP = NO;
				CURRENT_PROJECT_VERSION = 1;
				DEBUG_INFORMATION_FORMAT = "dwarf-with-dsym";
				ENABLE_BITCODE = NO;
				ENABLE_NS_ASSERTIONS = NO;
				ENABLE_STRICT_OBJC_MSGSEND = YES;
				GCC_C_LANGUAGE_STANDARD = gnu99;
				GCC_NO_COMMON_BLOCKS = YES;
				GCC_WARN_64_TO_32_BIT_CONVERSION = YES;
				GCC_WARN_ABOUT_RETURN_TYPE = YES_ERROR;
				GCC_WARN_UNDECLARED_SELECTOR = YES;
				GCC_WARN_UNINITIALIZED_AUTOS = YES_AGGRESSIVE;
				GCC_WARN_UNUSED_FUNCTION = YES;
				GCC_WARN_UNUSED_VARIABLE = YES;
				IPHONEOS_DEPLOYMENT_TARGET = 10.0;
				MTL_ENABLE_DEBUG_INFO = NO;
				SDKROOT = iphoneos;
				SKIP_INSTALL = NO;
				SWIFT_OPTIMIZATION_LEVEL = "-Owholemodule";
				SWIFT_VERSION = 5.0;
				TARGETED_DEVICE_FAMILY = "1,2";
				VALIDATE_PRODUCT = YES;
				VERSIONING_SYSTEM = "apple-generic";
				VERSION_INFO_PREFIX = "";
			};
			name = Release;
		};
		05C827321DD31B7A003E0C5E /* Debug */ = {
			isa = XCBuildConfiguration;
			buildSettings = {
				BUILD_LIBRARY_FOR_DISTRIBUTION = YES;
				CLANG_ENABLE_MODULES = YES;
				CODE_SIGN_IDENTITY = "";
				DEFINES_MODULE = YES;
				DEVELOPMENT_TEAM = "";
				DYLIB_COMPATIBILITY_VERSION = 1;
				DYLIB_CURRENT_VERSION = 1;
				DYLIB_INSTALL_NAME_BASE = "@rpath";
				ENABLE_BITCODE = YES;
				INFOPLIST_FILE = "$(SRCROOT)/Sources/SwiftNotify/Info.plist";
				INSTALL_PATH = "$(LOCAL_LIBRARY_DIR)/Frameworks";
				IPHONEOS_DEPLOYMENT_TARGET = 10.0;
				LD_RUNPATH_SEARCH_PATHS = "$(inherited) @executable_path/Frameworks @loader_path/Frameworks";
				PRODUCT_BUNDLE_IDENTIFIER = com.jt501.SwiftNotify;
				PRODUCT_NAME = "$(TARGET_NAME)";
				SKIP_INSTALL = NO;
				SUPPORTS_MACCATALYST = NO;
				SWIFT_OPTIMIZATION_LEVEL = "-Onone";
				SWIFT_VERSION = 5.0;
				TARGETED_DEVICE_FAMILY = "1,2";
			};
			name = Debug;
		};
		05C827331DD31B7A003E0C5E /* Release */ = {
			isa = XCBuildConfiguration;
			buildSettings = {
				BUILD_LIBRARY_FOR_DISTRIBUTION = YES;
				CLANG_ENABLE_MODULES = YES;
				CODE_SIGN_IDENTITY = "";
				DEFINES_MODULE = YES;
				DEVELOPMENT_TEAM = "";
				DYLIB_COMPATIBILITY_VERSION = 1;
				DYLIB_CURRENT_VERSION = 1;
				DYLIB_INSTALL_NAME_BASE = "@rpath";
				ENABLE_BITCODE = YES;
				INFOPLIST_FILE = "$(SRCROOT)/Sources/SwiftNotify/Info.plist";
				INSTALL_PATH = "$(LOCAL_LIBRARY_DIR)/Frameworks";
				IPHONEOS_DEPLOYMENT_TARGET = 10.0;
				LD_RUNPATH_SEARCH_PATHS = "$(inherited) @executable_path/Frameworks @loader_path/Frameworks";
				PRODUCT_BUNDLE_IDENTIFIER = com.jt501.SwiftNotify;
				PRODUCT_NAME = "$(TARGET_NAME)";
				SKIP_INSTALL = NO;
				SUPPORTS_MACCATALYST = NO;
				SWIFT_VERSION = 5.0;
				TARGETED_DEVICE_FAMILY = "1,2";
			};
			name = Release;
		};
		05E511DC1DE6A69900D3B765 /* Debug */ = {
			isa = XCBuildConfiguration;
			buildSettings = {
				CODE_SIGN_IDENTITY = "-";
				CODE_SIGN_STYLE = Automatic;
				COMBINE_HIDPI_IMAGES = NO;
				DEVELOPMENT_TEAM = "";
				ENABLE_BITCODE = NO;
				INFOPLIST_FILE = "$(SRCROOT)/Sources/SwiftNotify/NotifyResources/Info.plist";
				INSTALL_PATH = "$(LOCAL_LIBRARY_DIR)/Bundles";
				IPHONEOS_DEPLOYMENT_TARGET = 10.0;
				LD_NO_PIE = NO;
				MACOSX_DEPLOYMENT_TARGET = 10.12;
				PRODUCT_BUNDLE_IDENTIFIER = com.jt501.SwiftNotifyResources;
				PRODUCT_NAME = "$(TARGET_NAME)";
				PROVISIONING_PROFILE_SPECIFIER = "";
				SKIP_INSTALL = YES;
				SUPPORTS_MACCATALYST = NO;
				TARGETED_DEVICE_FAMILY = "1,2";
				WRAPPER_EXTENSION = bundle;
			};
			name = Debug;
		};
		05E511DD1DE6A69900D3B765 /* Release */ = {
			isa = XCBuildConfiguration;
			buildSettings = {
				CODE_SIGN_IDENTITY = "-";
				CODE_SIGN_STYLE = Automatic;
				COMBINE_HIDPI_IMAGES = NO;
				DEVELOPMENT_TEAM = "";
				ENABLE_BITCODE = NO;
				INFOPLIST_FILE = "$(SRCROOT)/Sources/SwiftNotify/NotifyResources/Info.plist";
				INSTALL_PATH = "$(LOCAL_LIBRARY_DIR)/Bundles";
				IPHONEOS_DEPLOYMENT_TARGET = 10.0;
				LD_NO_PIE = NO;
				MACOSX_DEPLOYMENT_TARGET = 10.12;
				PRODUCT_BUNDLE_IDENTIFIER = com.jt501.SwiftNotifyResources;
				PRODUCT_NAME = "$(TARGET_NAME)";
				PROVISIONING_PROFILE_SPECIFIER = "";
				SKIP_INSTALL = YES;
				SUPPORTS_MACCATALYST = NO;
				TARGETED_DEVICE_FAMILY = "1,2";
				WRAPPER_EXTENSION = bundle;
			};
			name = Release;
		};
		05F750F927CA83EC0099A9C9 /* Debug */ = {
			isa = XCBuildConfiguration;
			buildSettings = {
				CLANG_ANALYZER_NUMBER_OBJECT_CONVERSION = YES_AGGRESSIVE;
				CLANG_CXX_LANGUAGE_STANDARD = "gnu++17";
				CLANG_ENABLE_OBJC_WEAK = YES;
				CLANG_WARN_QUOTED_INCLUDE_IN_FRAMEWORK_HEADER = YES;
				CLANG_WARN_UNGUARDED_AVAILABILITY = YES_AGGRESSIVE;
				CODE_SIGN_STYLE = Automatic;
				CURRENT_PROJECT_VERSION = 1;
				DEVELOPMENT_TEAM = 6J24DF2E7Y;
				GCC_C_LANGUAGE_STANDARD = gnu11;
				GENERATE_INFOPLIST_FILE = YES;
				IPHONEOS_DEPLOYMENT_TARGET = 15.2;
				MARKETING_VERSION = 1.0;
				MTL_ENABLE_DEBUG_INFO = INCLUDE_SOURCE;
				MTL_FAST_MATH = YES;
				PRODUCT_BUNDLE_IDENTIFIER = com.jt501.SwiftNotifyTests;
				PRODUCT_NAME = "$(TARGET_NAME)";
				SWIFT_EMIT_LOC_STRINGS = NO;
				SWIFT_VERSION = 5.0;
				TARGETED_DEVICE_FAMILY = "1,2";
			};
			name = Debug;
		};
		05F750FA27CA83EC0099A9C9 /* Release */ = {
			isa = XCBuildConfiguration;
			buildSettings = {
				CLANG_ANALYZER_NUMBER_OBJECT_CONVERSION = YES_AGGRESSIVE;
				CLANG_CXX_LANGUAGE_STANDARD = "gnu++17";
				CLANG_ENABLE_OBJC_WEAK = YES;
				CLANG_WARN_QUOTED_INCLUDE_IN_FRAMEWORK_HEADER = YES;
				CLANG_WARN_UNGUARDED_AVAILABILITY = YES_AGGRESSIVE;
				CODE_SIGN_STYLE = Automatic;
				CURRENT_PROJECT_VERSION = 1;
				DEVELOPMENT_TEAM = 6J24DF2E7Y;
				GCC_C_LANGUAGE_STANDARD = gnu11;
				GENERATE_INFOPLIST_FILE = YES;
				IPHONEOS_DEPLOYMENT_TARGET = 15.2;
				MARKETING_VERSION = 1.0;
				MTL_FAST_MATH = YES;
				PRODUCT_BUNDLE_IDENTIFIER = com.jt501.SwiftNotifyTests;
				PRODUCT_NAME = "$(TARGET_NAME)";
				SWIFT_EMIT_LOC_STRINGS = NO;
				SWIFT_VERSION = 5.0;
				TARGETED_DEVICE_FAMILY = "1,2";
			};
			name = Release;
		};
/* End XCBuildConfiguration section */

/* Begin XCConfigurationList section */
		05C827171DD31B7A003E0C5E /* Build configuration list for PBXProject "SwiftNotify" */ = {
			isa = XCConfigurationList;
			buildConfigurations = (
				05C8272F1DD31B7A003E0C5E /* Debug */,
				05C827301DD31B7A003E0C5E /* Release */,
			);
			defaultConfigurationIsVisible = 0;
			defaultConfigurationName = Release;
		};
		05C827311DD31B7A003E0C5E /* Build configuration list for PBXNativeTarget "SwiftNotify" */ = {
			isa = XCConfigurationList;
			buildConfigurations = (
				05C827321DD31B7A003E0C5E /* Debug */,
				05C827331DD31B7A003E0C5E /* Release */,
			);
			defaultConfigurationIsVisible = 0;
			defaultConfigurationName = Release;
		};
		05E511DE1DE6A69900D3B765 /* Build configuration list for PBXNativeTarget "SwiftNotifyResources" */ = {
			isa = XCConfigurationList;
			buildConfigurations = (
				05E511DC1DE6A69900D3B765 /* Debug */,
				05E511DD1DE6A69900D3B765 /* Release */,
			);
			defaultConfigurationIsVisible = 0;
			defaultConfigurationName = Release;
		};
		05F750F827CA83EC0099A9C9 /* Build configuration list for PBXNativeTarget "SwiftNotifyTests" */ = {
			isa = XCConfigurationList;
			buildConfigurations = (
				05F750F927CA83EC0099A9C9 /* Debug */,
				05F750FA27CA83EC0099A9C9 /* Release */,
			);
			defaultConfigurationIsVisible = 0;
			defaultConfigurationName = Release;
		};
/* End XCConfigurationList section */
	};
	rootObject = 05C827141DD31B7A003E0C5E /* Project object */;
}
