// !$*UTF8*$!
{
	archiveVersion = 1;
	classes = {
	};
	objectVersion = 46;
	objects = {

/* Begin PBXBuildFile section */
		053212231DD95F700008581A /* CGRectEx.swift in Sources */ = {isa = PBXBuildFile; fileRef = 053212221DD95F700008581A /* CGRectEx.swift */; };
		053212291DDE96470008581A /* ClassicView.swift in Sources */ = {isa = PBXBuildFile; fileRef = 053212281DDE96470008581A /* ClassicView.swift */; };
		0532122D1DDEEAA80008581A /* BaseLabel.swift in Sources */ = {isa = PBXBuildFile; fileRef = 0532122C1DDEEAA80008581A /* BaseLabel.swift */; };
		053212301DDEF6F80008581A /* BaseImageView.swift in Sources */ = {isa = PBXBuildFile; fileRef = 0532122F1DDEF6F80008581A /* BaseImageView.swift */; };
		053212321DDF044E0008581A /* Images.xcassets in Resources */ = {isa = PBXBuildFile; fileRef = 053212311DDF044E0008581A /* Images.xcassets */; };
		053212351DDF06460008581A /* CFDefaultView.swift in Sources */ = {isa = PBXBuildFile; fileRef = 053212341DDF06460008581A /* CFDefaultView.swift */; };
		0532123B1DE423E80008581A /* CyberView.swift in Sources */ = {isa = PBXBuildFile; fileRef = 0532123A1DE423E80008581A /* CyberView.swift */; };
		05B9FE611DD32E7C003EFC10 /* CFMessage.swift in Sources */ = {isa = PBXBuildFile; fileRef = 05B9FE601DD32E7C003EFC10 /* CFMessage.swift */; };
		05C827271DD31B7A003E0C5E /* CFDraggableMessage.framework in Frameworks */ = {isa = PBXBuildFile; fileRef = 05C8271D1DD31B7A003E0C5E /* CFDraggableMessage.framework */; };
		05C8272C1DD31B7A003E0C5E /* CFDraggableMessageTests.swift in Sources */ = {isa = PBXBuildFile; fileRef = 05C8272B1DD31B7A003E0C5E /* CFDraggableMessageTests.swift */; };
		05C8272E1DD31B7A003E0C5E /* CFDraggableMessage.h in Headers */ = {isa = PBXBuildFile; fileRef = 05C827201DD31B7A003E0C5E /* CFDraggableMessage.h */; settings = {ATTRIBUTES = (Public, ); }; };
		05C827391DD31FCE003E0C5E /* Nimble.framework in Frameworks */ = {isa = PBXBuildFile; fileRef = 05C827381DD31FCE003E0C5E /* Nimble.framework */; };
		05C8273B1DD31FD5003E0C5E /* Quick.framework in Frameworks */ = {isa = PBXBuildFile; fileRef = 05C8273A1DD31FD5003E0C5E /* Quick.framework */; };
		05E0036A1DD40B43003DBE35 /* CFMessageProtocols.swift in Sources */ = {isa = PBXBuildFile; fileRef = 05E003691DD40B43003DBE35 /* CFMessageProtocols.swift */; };
		05E003731DD46261003DBE35 /* ToastView.swift in Sources */ = {isa = PBXBuildFile; fileRef = 05E003721DD46261003DBE35 /* ToastView.swift */; };
		B231B3971DD700FB00D29BD5 /* Messenger.swift in Sources */ = {isa = PBXBuildFile; fileRef = B231B3961DD700FB00D29BD5 /* Messenger.swift */; };
/* End PBXBuildFile section */

/* Begin PBXContainerItemProxy section */
		05C827281DD31B7A003E0C5E /* PBXContainerItemProxy */ = {
			isa = PBXContainerItemProxy;
			containerPortal = 05C827141DD31B7A003E0C5E /* Project object */;
			proxyType = 1;
			remoteGlobalIDString = 05C8271C1DD31B7A003E0C5E;
			remoteInfo = CFDraggableMessage;
		};
/* End PBXContainerItemProxy section */

/* Begin PBXFileReference section */
		053212221DD95F700008581A /* CGRectEx.swift */ = {isa = PBXFileReference; fileEncoding = 4; lastKnownFileType = sourcecode.swift; path = CGRectEx.swift; sourceTree = "<group>"; };
		053212281DDE96470008581A /* ClassicView.swift */ = {isa = PBXFileReference; fileEncoding = 4; lastKnownFileType = sourcecode.swift; path = ClassicView.swift; sourceTree = "<group>"; };
		0532122C1DDEEAA80008581A /* BaseLabel.swift */ = {isa = PBXFileReference; fileEncoding = 4; lastKnownFileType = sourcecode.swift; path = BaseLabel.swift; sourceTree = "<group>"; };
		0532122F1DDEF6F80008581A /* BaseImageView.swift */ = {isa = PBXFileReference; fileEncoding = 4; lastKnownFileType = sourcecode.swift; path = BaseImageView.swift; sourceTree = "<group>"; };
		053212311DDF044E0008581A /* Images.xcassets */ = {isa = PBXFileReference; lastKnownFileType = folder.assetcatalog; path = Images.xcassets; sourceTree = "<group>"; };
		053212341DDF06460008581A /* CFDefaultView.swift */ = {isa = PBXFileReference; fileEncoding = 4; lastKnownFileType = sourcecode.swift; path = CFDefaultView.swift; sourceTree = "<group>"; };
		0532123A1DE423E80008581A /* CyberView.swift */ = {isa = PBXFileReference; fileEncoding = 4; lastKnownFileType = sourcecode.swift; path = CyberView.swift; sourceTree = "<group>"; };
		05B9FE601DD32E7C003EFC10 /* CFMessage.swift */ = {isa = PBXFileReference; fileEncoding = 4; lastKnownFileType = sourcecode.swift; path = CFMessage.swift; sourceTree = "<group>"; };
		05C8271D1DD31B7A003E0C5E /* CFDraggableMessage.framework */ = {isa = PBXFileReference; explicitFileType = wrapper.framework; includeInIndex = 0; path = CFDraggableMessage.framework; sourceTree = BUILT_PRODUCTS_DIR; };
		05C827201DD31B7A003E0C5E /* CFDraggableMessage.h */ = {isa = PBXFileReference; lastKnownFileType = sourcecode.c.h; path = CFDraggableMessage.h; sourceTree = "<group>"; };
		05C827211DD31B7A003E0C5E /* Info.plist */ = {isa = PBXFileReference; lastKnownFileType = text.plist.xml; path = Info.plist; sourceTree = "<group>"; };
		05C827261DD31B7A003E0C5E /* CFDraggableMessageTests.xctest */ = {isa = PBXFileReference; explicitFileType = wrapper.cfbundle; includeInIndex = 0; path = CFDraggableMessageTests.xctest; sourceTree = BUILT_PRODUCTS_DIR; };
		05C8272B1DD31B7A003E0C5E /* CFDraggableMessageTests.swift */ = {isa = PBXFileReference; lastKnownFileType = sourcecode.swift; path = CFDraggableMessageTests.swift; sourceTree = "<group>"; };
		05C8272D1DD31B7A003E0C5E /* Info.plist */ = {isa = PBXFileReference; lastKnownFileType = text.plist.xml; path = Info.plist; sourceTree = "<group>"; };
		05C827381DD31FCE003E0C5E /* Nimble.framework */ = {isa = PBXFileReference; lastKnownFileType = wrapper.framework; name = Nimble.framework; path = "Carthage/Checkouts/Nimble/build/Debug-iphoneos/Nimble.framework"; sourceTree = "<group>"; };
		05C8273A1DD31FD5003E0C5E /* Quick.framework */ = {isa = PBXFileReference; lastKnownFileType = wrapper.framework; name = Quick.framework; path = "Carthage/Checkouts/Quick/build/Debug-iphoneos/Quick.framework"; sourceTree = "<group>"; };
		05E003691DD40B43003DBE35 /* CFMessageProtocols.swift */ = {isa = PBXFileReference; fileEncoding = 4; lastKnownFileType = sourcecode.swift; path = CFMessageProtocols.swift; sourceTree = "<group>"; };
		05E003721DD46261003DBE35 /* ToastView.swift */ = {isa = PBXFileReference; fileEncoding = 4; lastKnownFileType = sourcecode.swift; path = ToastView.swift; sourceTree = "<group>"; };
		B231B3961DD700FB00D29BD5 /* Messenger.swift */ = {isa = PBXFileReference; fileEncoding = 4; lastKnownFileType = sourcecode.swift; path = Messenger.swift; sourceTree = "<group>"; };
/* End PBXFileReference section */

/* Begin PBXFrameworksBuildPhase section */
		05C827191DD31B7A003E0C5E /* Frameworks */ = {
			isa = PBXFrameworksBuildPhase;
			buildActionMask = 2147483647;
			files = (
			);
			runOnlyForDeploymentPostprocessing = 0;
		};
		05C827231DD31B7A003E0C5E /* Frameworks */ = {
			isa = PBXFrameworksBuildPhase;
			buildActionMask = 2147483647;
			files = (
				05C8273B1DD31FD5003E0C5E /* Quick.framework in Frameworks */,
				05C827391DD31FCE003E0C5E /* Nimble.framework in Frameworks */,
				05C827271DD31B7A003E0C5E /* CFDraggableMessage.framework in Frameworks */,
			);
			runOnlyForDeploymentPostprocessing = 0;
		};
/* End PBXFrameworksBuildPhase section */

/* Begin PBXGroup section */
		0532121F1DD95F0D0008581A /* Helper */ = {
			isa = PBXGroup;
			children = (
				053212221DD95F700008581A /* CGRectEx.swift */,
			);
			name = Helper;
			sourceTree = "<group>";
		};
		053212271DDDB7FB0008581A /* CFMessageView */ = {
			isa = PBXGroup;
			children = (
				05E003721DD46261003DBE35 /* ToastView.swift */,
				053212281DDE96470008581A /* ClassicView.swift */,
				0532123A1DE423E80008581A /* CyberView.swift */,
			);
			name = CFMessageView;
			sourceTree = "<group>";
		};
		0532122E1DDEEAD10008581A /* Base */ = {
			isa = PBXGroup;
			children = (
				0532122C1DDEEAA80008581A /* BaseLabel.swift */,
				0532122F1DDEF6F80008581A /* BaseImageView.swift */,
			);
			name = Base;
			sourceTree = "<group>";
		};
		053212331DDF04570008581A /* Resources */ = {
			isa = PBXGroup;
			children = (
				053212311DDF044E0008581A /* Images.xcassets */,
			);
			name = Resources;
			sourceTree = "<group>";
		};
		05C827131DD31B7A003E0C5E = {
			isa = PBXGroup;
			children = (
				05C8271F1DD31B7A003E0C5E /* CFDraggableMessage */,
				05C8272A1DD31B7A003E0C5E /* CFDraggableMessageTests */,
				05C8271E1DD31B7A003E0C5E /* Products */,
				05C827371DD31FCE003E0C5E /* Frameworks */,
			);
			sourceTree = "<group>";
		};
		05C8271E1DD31B7A003E0C5E /* Products */ = {
			isa = PBXGroup;
			children = (
				05C8271D1DD31B7A003E0C5E /* CFDraggableMessage.framework */,
				05C827261DD31B7A003E0C5E /* CFDraggableMessageTests.xctest */,
			);
			name = Products;
			sourceTree = "<group>";
		};
		05C8271F1DD31B7A003E0C5E /* CFDraggableMessage */ = {
			isa = PBXGroup;
			children = (
				0532122E1DDEEAD10008581A /* Base */,
				0532121F1DD95F0D0008581A /* Helper */,
				053212331DDF04570008581A /* Resources */,
				053212271DDDB7FB0008581A /* CFMessageView */,
				05E003691DD40B43003DBE35 /* CFMessageProtocols.swift */,
				05B9FE601DD32E7C003EFC10 /* CFMessage.swift */,
				053212341DDF06460008581A /* CFDefaultView.swift */,
				B231B3961DD700FB00D29BD5 /* Messenger.swift */,
				05C827211DD31B7A003E0C5E /* Info.plist */,
				05C827201DD31B7A003E0C5E /* CFDraggableMessage.h */,
			);
			path = CFDraggableMessage;
			sourceTree = "<group>";
		};
		05C8272A1DD31B7A003E0C5E /* CFDraggableMessageTests */ = {
			isa = PBXGroup;
			children = (
				05C8272B1DD31B7A003E0C5E /* CFDraggableMessageTests.swift */,
				05C8272D1DD31B7A003E0C5E /* Info.plist */,
			);
			path = CFDraggableMessageTests;
			sourceTree = "<group>";
		};
		05C827371DD31FCE003E0C5E /* Frameworks */ = {
			isa = PBXGroup;
			children = (
				05C8273A1DD31FD5003E0C5E /* Quick.framework */,
				05C827381DD31FCE003E0C5E /* Nimble.framework */,
			);
			name = Frameworks;
			sourceTree = "<group>";
		};
/* End PBXGroup section */

/* Begin PBXHeadersBuildPhase section */
		05C8271A1DD31B7A003E0C5E /* Headers */ = {
			isa = PBXHeadersBuildPhase;
			buildActionMask = 2147483647;
			files = (
				05C8272E1DD31B7A003E0C5E /* CFDraggableMessage.h in Headers */,
			);
			runOnlyForDeploymentPostprocessing = 0;
		};
/* End PBXHeadersBuildPhase section */

/* Begin PBXNativeTarget section */
		05C8271C1DD31B7A003E0C5E /* CFDraggableMessage */ = {
			isa = PBXNativeTarget;
			buildConfigurationList = 05C827311DD31B7A003E0C5E /* Build configuration list for PBXNativeTarget "CFDraggableMessage" */;
			buildPhases = (
				05C827181DD31B7A003E0C5E /* Sources */,
				05C827191DD31B7A003E0C5E /* Frameworks */,
				05C8271A1DD31B7A003E0C5E /* Headers */,
				05C8271B1DD31B7A003E0C5E /* Resources */,
			);
			buildRules = (
			);
			dependencies = (
			);
			name = CFDraggableMessage;
			productName = CFDraggableMessage;
			productReference = 05C8271D1DD31B7A003E0C5E /* CFDraggableMessage.framework */;
			productType = "com.apple.product-type.framework";
		};
		05C827251DD31B7A003E0C5E /* CFDraggableMessageTests */ = {
			isa = PBXNativeTarget;
			buildConfigurationList = 05C827341DD31B7A003E0C5E /* Build configuration list for PBXNativeTarget "CFDraggableMessageTests" */;
			buildPhases = (
				05C827221DD31B7A003E0C5E /* Sources */,
				05C827231DD31B7A003E0C5E /* Frameworks */,
				05C827241DD31B7A003E0C5E /* Resources */,
			);
			buildRules = (
			);
			dependencies = (
				05C827291DD31B7A003E0C5E /* PBXTargetDependency */,
			);
			name = CFDraggableMessageTests;
			productName = CFDraggableMessageTests;
			productReference = 05C827261DD31B7A003E0C5E /* CFDraggableMessageTests.xctest */;
			productType = "com.apple.product-type.bundle.unit-test";
		};
/* End PBXNativeTarget section */

/* Begin PBXProject section */
		05C827141DD31B7A003E0C5E /* Project object */ = {
			isa = PBXProject;
			attributes = {
				LastSwiftUpdateCheck = 0810;
				LastUpgradeCheck = 0810;
				ORGANIZATIONNAME = "Johnny Choi@Co-Fire";
				TargetAttributes = {
					05C8271C1DD31B7A003E0C5E = {
						CreatedOnToolsVersion = 8.1;
						DevelopmentTeam = 6J24DF2E7Y;
						LastSwiftMigration = 0810;
						ProvisioningStyle = Automatic;
					};
					05C827251DD31B7A003E0C5E = {
						CreatedOnToolsVersion = 8.1;
						DevelopmentTeam = 6J24DF2E7Y;
						ProvisioningStyle = Automatic;
					};
				};
			};
			buildConfigurationList = 05C827171DD31B7A003E0C5E /* Build configuration list for PBXProject "CFDraggableMessage" */;
			compatibilityVersion = "Xcode 3.2";
			developmentRegion = English;
			hasScannedForEncodings = 0;
			knownRegions = (
				en,
			);
			mainGroup = 05C827131DD31B7A003E0C5E;
			productRefGroup = 05C8271E1DD31B7A003E0C5E /* Products */;
			projectDirPath = "";
			projectRoot = "";
			targets = (
				05C8271C1DD31B7A003E0C5E /* CFDraggableMessage */,
				05C827251DD31B7A003E0C5E /* CFDraggableMessageTests */,
			);
		};
/* End PBXProject section */

/* Begin PBXResourcesBuildPhase section */
		05C8271B1DD31B7A003E0C5E /* Resources */ = {
			isa = PBXResourcesBuildPhase;
			buildActionMask = 2147483647;
			files = (
				053212321DDF044E0008581A /* Images.xcassets in Resources */,
			);
			runOnlyForDeploymentPostprocessing = 0;
		};
		05C827241DD31B7A003E0C5E /* Resources */ = {
			isa = PBXResourcesBuildPhase;
			buildActionMask = 2147483647;
			files = (
			);
			runOnlyForDeploymentPostprocessing = 0;
		};
/* End PBXResourcesBuildPhase section */

/* Begin PBXSourcesBuildPhase section */
		05C827181DD31B7A003E0C5E /* Sources */ = {
			isa = PBXSourcesBuildPhase;
			buildActionMask = 2147483647;
			files = (
				0532123B1DE423E80008581A /* CyberView.swift in Sources */,
				B231B3971DD700FB00D29BD5 /* Messenger.swift in Sources */,
				0532122D1DDEEAA80008581A /* BaseLabel.swift in Sources */,
				053212231DD95F700008581A /* CGRectEx.swift in Sources */,
				05E003731DD46261003DBE35 /* ToastView.swift in Sources */,
				053212351DDF06460008581A /* CFDefaultView.swift in Sources */,
				05E0036A1DD40B43003DBE35 /* CFMessageProtocols.swift in Sources */,
				05B9FE611DD32E7C003EFC10 /* CFMessage.swift in Sources */,
				053212291DDE96470008581A /* ClassicView.swift in Sources */,
				053212301DDEF6F80008581A /* BaseImageView.swift in Sources */,
			);
			runOnlyForDeploymentPostprocessing = 0;
		};
		05C827221DD31B7A003E0C5E /* Sources */ = {
			isa = PBXSourcesBuildPhase;
			buildActionMask = 2147483647;
			files = (
				05C8272C1DD31B7A003E0C5E /* CFDraggableMessageTests.swift in Sources */,
			);
			runOnlyForDeploymentPostprocessing = 0;
		};
/* End PBXSourcesBuildPhase section */

/* Begin PBXTargetDependency section */
		05C827291DD31B7A003E0C5E /* PBXTargetDependency */ = {
			isa = PBXTargetDependency;
			target = 05C8271C1DD31B7A003E0C5E /* CFDraggableMessage */;
			targetProxy = 05C827281DD31B7A003E0C5E /* PBXContainerItemProxy */;
		};
/* End PBXTargetDependency section */

/* Begin XCBuildConfiguration section */
		05C8272F1DD31B7A003E0C5E /* Debug */ = {
			isa = XCBuildConfiguration;
			buildSettings = {
				ALWAYS_SEARCH_USER_PATHS = NO;
				CLANG_ANALYZER_NONNULL = YES;
				CLANG_CXX_LANGUAGE_STANDARD = "gnu++0x";
				CLANG_CXX_LIBRARY = "libc++";
				CLANG_ENABLE_MODULES = YES;
				CLANG_ENABLE_OBJC_ARC = YES;
				CLANG_WARN_BOOL_CONVERSION = YES;
				CLANG_WARN_CONSTANT_CONVERSION = YES;
				CLANG_WARN_DIRECT_OBJC_ISA_USAGE = YES_ERROR;
				CLANG_WARN_DOCUMENTATION_COMMENTS = YES;
				CLANG_WARN_EMPTY_BODY = YES;
				CLANG_WARN_ENUM_CONVERSION = YES;
				CLANG_WARN_INFINITE_RECURSION = YES;
				CLANG_WARN_INT_CONVERSION = YES;
				CLANG_WARN_OBJC_ROOT_CLASS = YES_ERROR;
				CLANG_WARN_SUSPICIOUS_MOVES = YES;
				CLANG_WARN_UNREACHABLE_CODE = YES;
				CLANG_WARN__DUPLICATE_METHOD_MATCH = YES;
				"CODE_SIGN_IDENTITY[sdk=iphoneos*]" = "iPhone Developer";
				COPY_PHASE_STRIP = NO;
				CURRENT_PROJECT_VERSION = 1;
				DEBUG_INFORMATION_FORMAT = dwarf;
				ENABLE_STRICT_OBJC_MSGSEND = YES;
				ENABLE_TESTABILITY = YES;
				GCC_C_LANGUAGE_STANDARD = gnu99;
				GCC_DYNAMIC_NO_PIC = NO;
				GCC_NO_COMMON_BLOCKS = YES;
				GCC_OPTIMIZATION_LEVEL = 0;
				GCC_PREPROCESSOR_DEFINITIONS = (
					"DEBUG=1",
					"$(inherited)",
				);
				GCC_WARN_64_TO_32_BIT_CONVERSION = YES;
				GCC_WARN_ABOUT_RETURN_TYPE = YES_ERROR;
				GCC_WARN_UNDECLARED_SELECTOR = YES;
				GCC_WARN_UNINITIALIZED_AUTOS = YES_AGGRESSIVE;
				GCC_WARN_UNUSED_FUNCTION = YES;
				GCC_WARN_UNUSED_VARIABLE = YES;
				IPHONEOS_DEPLOYMENT_TARGET = 10.1;
				MTL_ENABLE_DEBUG_INFO = YES;
				ONLY_ACTIVE_ARCH = YES;
				SDKROOT = iphoneos;
				SWIFT_ACTIVE_COMPILATION_CONDITIONS = DEBUG;
				SWIFT_OPTIMIZATION_LEVEL = "-Onone";
				TARGETED_DEVICE_FAMILY = "1,2";
				VERSIONING_SYSTEM = "apple-generic";
				VERSION_INFO_PREFIX = "";
			};
			name = Debug;
		};
		05C827301DD31B7A003E0C5E /* Release */ = {
			isa = XCBuildConfiguration;
			buildSettings = {
				ALWAYS_SEARCH_USER_PATHS = NO;
				CLANG_ANALYZER_NONNULL = YES;
				CLANG_CXX_LANGUAGE_STANDARD = "gnu++0x";
				CLANG_CXX_LIBRARY = "libc++";
				CLANG_ENABLE_MODULES = YES;
				CLANG_ENABLE_OBJC_ARC = YES;
				CLANG_WARN_BOOL_CONVERSION = YES;
				CLANG_WARN_CONSTANT_CONVERSION = YES;
				CLANG_WARN_DIRECT_OBJC_ISA_USAGE = YES_ERROR;
				CLANG_WARN_DOCUMENTATION_COMMENTS = YES;
				CLANG_WARN_EMPTY_BODY = YES;
				CLANG_WARN_ENUM_CONVERSION = YES;
				CLANG_WARN_INFINITE_RECURSION = YES;
				CLANG_WARN_INT_CONVERSION = YES;
				CLANG_WARN_OBJC_ROOT_CLASS = YES_ERROR;
				CLANG_WARN_SUSPICIOUS_MOVES = YES;
				CLANG_WARN_UNREACHABLE_CODE = YES;
				CLANG_WARN__DUPLICATE_METHOD_MATCH = YES;
				"CODE_SIGN_IDENTITY[sdk=iphoneos*]" = "iPhone Developer";
				COPY_PHASE_STRIP = NO;
				CURRENT_PROJECT_VERSION = 1;
				DEBUG_INFORMATION_FORMAT = "dwarf-with-dsym";
				ENABLE_NS_ASSERTIONS = NO;
				ENABLE_STRICT_OBJC_MSGSEND = YES;
				GCC_C_LANGUAGE_STANDARD = gnu99;
				GCC_NO_COMMON_BLOCKS = YES;
				GCC_WARN_64_TO_32_BIT_CONVERSION = YES;
				GCC_WARN_ABOUT_RETURN_TYPE = YES_ERROR;
				GCC_WARN_UNDECLARED_SELECTOR = YES;
				GCC_WARN_UNINITIALIZED_AUTOS = YES_AGGRESSIVE;
				GCC_WARN_UNUSED_FUNCTION = YES;
				GCC_WARN_UNUSED_VARIABLE = YES;
				IPHONEOS_DEPLOYMENT_TARGET = 10.1;
				MTL_ENABLE_DEBUG_INFO = NO;
				SDKROOT = iphoneos;
				SWIFT_OPTIMIZATION_LEVEL = "-Owholemodule";
				TARGETED_DEVICE_FAMILY = "1,2";
				VALIDATE_PRODUCT = YES;
				VERSIONING_SYSTEM = "apple-generic";
				VERSION_INFO_PREFIX = "";
			};
			name = Release;
		};
		05C827321DD31B7A003E0C5E /* Debug */ = {
			isa = XCBuildConfiguration;
			buildSettings = {
				CLANG_ENABLE_MODULES = YES;
				CODE_SIGN_IDENTITY = "";
				DEFINES_MODULE = YES;
				DEVELOPMENT_TEAM = 6J24DF2E7Y;
				DYLIB_COMPATIBILITY_VERSION = 1;
				DYLIB_CURRENT_VERSION = 1;
				DYLIB_INSTALL_NAME_BASE = "@rpath";
				INFOPLIST_FILE = CFDraggableMessage/Info.plist;
				INSTALL_PATH = "$(LOCAL_LIBRARY_DIR)/Frameworks";
				IPHONEOS_DEPLOYMENT_TARGET = 10.1;
				LD_RUNPATH_SEARCH_PATHS = "$(inherited) @executable_path/Frameworks @loader_path/Frameworks";
				PRODUCT_BUNDLE_IDENTIFIER = "hk.co-fire.CFDraggableMessage";
				PRODUCT_NAME = "$(TARGET_NAME)";
				SKIP_INSTALL = YES;
				SWIFT_OPTIMIZATION_LEVEL = "-Onone";
				SWIFT_VERSION = 3.0;
				TARGETED_DEVICE_FAMILY = "1,2";
			};
			name = Debug;
		};
		05C827331DD31B7A003E0C5E /* Release */ = {
			isa = XCBuildConfiguration;
			buildSettings = {
				CLANG_ENABLE_MODULES = YES;
				CODE_SIGN_IDENTITY = "";
				DEFINES_MODULE = YES;
				DEVELOPMENT_TEAM = 6J24DF2E7Y;
				DYLIB_COMPATIBILITY_VERSION = 1;
				DYLIB_CURRENT_VERSION = 1;
				DYLIB_INSTALL_NAME_BASE = "@rpath";
				INFOPLIST_FILE = CFDraggableMessage/Info.plist;
				INSTALL_PATH = "$(LOCAL_LIBRARY_DIR)/Frameworks";
				IPHONEOS_DEPLOYMENT_TARGET = 10.1;
				LD_RUNPATH_SEARCH_PATHS = "$(inherited) @executable_path/Frameworks @loader_path/Frameworks";
				PRODUCT_BUNDLE_IDENTIFIER = "hk.co-fire.CFDraggableMessage";
				PRODUCT_NAME = "$(TARGET_NAME)";
				SKIP_INSTALL = YES;
				SWIFT_VERSION = 3.0;
				TARGETED_DEVICE_FAMILY = "1,2";
			};
			name = Release;
		};
		05C827351DD31B7A003E0C5E /* Debug */ = {
			isa = XCBuildConfiguration;
			buildSettings = {
				ALWAYS_EMBED_SWIFT_STANDARD_LIBRARIES = YES;
				DEVELOPMENT_TEAM = 6J24DF2E7Y;
				INFOPLIST_FILE = CFDraggableMessageTests/Info.plist;
				LD_RUNPATH_SEARCH_PATHS = "$(inherited) @executable_path/Frameworks @loader_path/Frameworks";
				PRODUCT_BUNDLE_IDENTIFIER = "hk.co-fire.CFDraggableMessageTests";
				PRODUCT_NAME = "$(TARGET_NAME)";
				SWIFT_VERSION = 3.0;
			};
			name = Debug;
		};
		05C827361DD31B7A003E0C5E /* Release */ = {
			isa = XCBuildConfiguration;
			buildSettings = {
				ALWAYS_EMBED_SWIFT_STANDARD_LIBRARIES = YES;
				DEVELOPMENT_TEAM = 6J24DF2E7Y;
				INFOPLIST_FILE = CFDraggableMessageTests/Info.plist;
				LD_RUNPATH_SEARCH_PATHS = "$(inherited) @executable_path/Frameworks @loader_path/Frameworks";
				PRODUCT_BUNDLE_IDENTIFIER = "hk.co-fire.CFDraggableMessageTests";
				PRODUCT_NAME = "$(TARGET_NAME)";
				SWIFT_VERSION = 3.0;
			};
			name = Release;
		};
/* End XCBuildConfiguration section */

/* Begin XCConfigurationList section */
		05C827171DD31B7A003E0C5E /* Build configuration list for PBXProject "CFDraggableMessage" */ = {
			isa = XCConfigurationList;
			buildConfigurations = (
				05C8272F1DD31B7A003E0C5E /* Debug */,
				05C827301DD31B7A003E0C5E /* Release */,
			);
			defaultConfigurationIsVisible = 0;
			defaultConfigurationName = Release;
		};
		05C827311DD31B7A003E0C5E /* Build configuration list for PBXNativeTarget "CFDraggableMessage" */ = {
			isa = XCConfigurationList;
			buildConfigurations = (
				05C827321DD31B7A003E0C5E /* Debug */,
				05C827331DD31B7A003E0C5E /* Release */,
			);
			defaultConfigurationIsVisible = 0;
			defaultConfigurationName = Release;
		};
		05C827341DD31B7A003E0C5E /* Build configuration list for PBXNativeTarget "CFDraggableMessageTests" */ = {
			isa = XCConfigurationList;
			buildConfigurations = (
				05C827351DD31B7A003E0C5E /* Debug */,
				05C827361DD31B7A003E0C5E /* Release */,
			);
			defaultConfigurationIsVisible = 0;
			defaultConfigurationName = Release;
		};
/* End XCConfigurationList section */
	};
	rootObject = 05C827141DD31B7A003E0C5E /* Project object */;
}
