// !$*UTF8*$!
{
	archiveVersion = 1;
	classes = {
	};
	objectVersion = 46;
	objects = {

/* Begin PBXBuildFile section */
		05B074C41DE6F316003611FE /* BaseImageView.swift in Sources */ = {isa = PBXBuildFile; fileRef = 05B074C21DE6F316003611FE /* BaseImageView.swift */; };
		05B074C51DE6F316003611FE /* BaseLabel.swift in Sources */ = {isa = PBXBuildFile; fileRef = 05B074C31DE6F316003611FE /* BaseLabel.swift */; };
		05B074C71DE6F325003611FE /* CGRectEx.swift in Sources */ = {isa = PBXBuildFile; fileRef = 05B074C61DE6F325003611FE /* CGRectEx.swift */; };
		05B074CB1DE6F340003611FE /* ClassicView.swift in Sources */ = {isa = PBXBuildFile; fileRef = 05B074C81DE6F340003611FE /* ClassicView.swift */; };
		05B074CC1DE6F340003611FE /* CyberView.swift in Sources */ = {isa = PBXBuildFile; fileRef = 05B074C91DE6F340003611FE /* CyberView.swift */; };
		05B074CD1DE6F340003611FE /* ToastView.swift in Sources */ = {isa = PBXBuildFile; fileRef = 05B074CA1DE6F340003611FE /* ToastView.swift */; };
		05B074D31DE6F358003611FE /* CFNotifyView.swift in Sources */ = {isa = PBXBuildFile; fileRef = 05B074CE1DE6F358003611FE /* CFNotifyView.swift */; };
		05B074D41DE6F358003611FE /* CFNotify.h in Headers */ = {isa = PBXBuildFile; fileRef = 05B074CF1DE6F358003611FE /* CFNotify.h */; settings = {ATTRIBUTES = (Public, ); }; };
		05B074D51DE6F358003611FE /* CFNotify.swift in Sources */ = {isa = PBXBuildFile; fileRef = 05B074D01DE6F358003611FE /* CFNotify.swift */; };
		05B074D61DE6F358003611FE /* CFNotifyProtocols.swift in Sources */ = {isa = PBXBuildFile; fileRef = 05B074D11DE6F358003611FE /* CFNotifyProtocols.swift */; };
		05B074D71DE6F358003611FE /* Notifier.swift in Sources */ = {isa = PBXBuildFile; fileRef = 05B074D21DE6F358003611FE /* Notifier.swift */; };
		05C827271DD31B7A003E0C5E /* CFNotify.framework in Frameworks */ = {isa = PBXBuildFile; fileRef = 05C8271D1DD31B7A003E0C5E /* CFNotify.framework */; };
		05C8272C1DD31B7A003E0C5E /* CFNotifyTests.swift in Sources */ = {isa = PBXBuildFile; fileRef = 05C8272B1DD31B7A003E0C5E /* CFNotifyTests.swift */; };
		05C827391DD31FCE003E0C5E /* Nimble.framework in Frameworks */ = {isa = PBXBuildFile; fileRef = 05C827381DD31FCE003E0C5E /* Nimble.framework */; };
		05C8273B1DD31FD5003E0C5E /* Quick.framework in Frameworks */ = {isa = PBXBuildFile; fileRef = 05C8273A1DD31FD5003E0C5E /* Quick.framework */; };
		05E511E61DE6BB3D00D3B765 /* CFResources.bundle in Resources */ = {isa = PBXBuildFile; fileRef = 05E511D91DE6A69900D3B765 /* CFResources.bundle */; };
		B2CFE0451FA549BE00C1CC33 /* icon_info_dark.png in Resources */ = {isa = PBXBuildFile; fileRef = B2CFE0261FA549BA00C1CC33 /* icon_info_dark.png */; };
		B2CFE0461FA549BE00C1CC33 /* icon_info_dark@2x.png in Resources */ = {isa = PBXBuildFile; fileRef = B2CFE0271FA549BA00C1CC33 /* icon_info_dark@2x.png */; };
		B2CFE0471FA549BE00C1CC33 /* icon_info_dark@3x.png in Resources */ = {isa = PBXBuildFile; fileRef = B2CFE0281FA549BA00C1CC33 /* icon_info_dark@3x.png */; };
		B2CFE0481FA549BE00C1CC33 /* icon_fail_dark.png in Resources */ = {isa = PBXBuildFile; fileRef = B2CFE02A1FA549BB00C1CC33 /* icon_fail_dark.png */; };
		B2CFE0491FA549BE00C1CC33 /* icon_fail_dark@2x.png in Resources */ = {isa = PBXBuildFile; fileRef = B2CFE02B1FA549BB00C1CC33 /* icon_fail_dark@2x.png */; };
		B2CFE04A1FA549BE00C1CC33 /* icon_fail_dark@3x.png in Resources */ = {isa = PBXBuildFile; fileRef = B2CFE02C1FA549BB00C1CC33 /* icon_fail_dark@3x.png */; };
		B2CFE04B1FA549BE00C1CC33 /* icon_warning.png in Resources */ = {isa = PBXBuildFile; fileRef = B2CFE02E1FA549BB00C1CC33 /* icon_warning.png */; };
		B2CFE04C1FA549BE00C1CC33 /* icon_warning@2x.png in Resources */ = {isa = PBXBuildFile; fileRef = B2CFE02F1FA549BB00C1CC33 /* icon_warning@2x.png */; };
		B2CFE04D1FA549BE00C1CC33 /* icon_warning@3x.png in Resources */ = {isa = PBXBuildFile; fileRef = B2CFE0301FA549BB00C1CC33 /* icon_warning@3x.png */; };
		B2CFE04E1FA549BE00C1CC33 /* icon_success.png in Resources */ = {isa = PBXBuildFile; fileRef = B2CFE0321FA549BC00C1CC33 /* icon_success.png */; };
		B2CFE04F1FA549BE00C1CC33 /* icon_success@2x.png in Resources */ = {isa = PBXBuildFile; fileRef = B2CFE0331FA549BC00C1CC33 /* icon_success@2x.png */; };
		B2CFE0501FA549BE00C1CC33 /* icon_success@3x.png in Resources */ = {isa = PBXBuildFile; fileRef = B2CFE0341FA549BC00C1CC33 /* icon_success@3x.png */; };
		B2CFE0511FA549BE00C1CC33 /* icon_warning_dark.png in Resources */ = {isa = PBXBuildFile; fileRef = B2CFE0361FA549BC00C1CC33 /* icon_warning_dark.png */; };
		B2CFE0521FA549BE00C1CC33 /* icon_warning_dark@2x.png in Resources */ = {isa = PBXBuildFile; fileRef = B2CFE0371FA549BC00C1CC33 /* icon_warning_dark@2x.png */; };
		B2CFE0531FA549BE00C1CC33 /* icon_warning_dark@3x.png in Resources */ = {isa = PBXBuildFile; fileRef = B2CFE0381FA549BC00C1CC33 /* icon_warning_dark@3x.png */; };
		B2CFE0541FA549BE00C1CC33 /* icon_fail.png in Resources */ = {isa = PBXBuildFile; fileRef = B2CFE03A1FA549BD00C1CC33 /* icon_fail.png */; };
		B2CFE0551FA549BE00C1CC33 /* icon_fail@2x.png in Resources */ = {isa = PBXBuildFile; fileRef = B2CFE03B1FA549BD00C1CC33 /* icon_fail@2x.png */; };
		B2CFE0561FA549BE00C1CC33 /* icon_fail@3x.png in Resources */ = {isa = PBXBuildFile; fileRef = B2CFE03C1FA549BD00C1CC33 /* icon_fail@3x.png */; };
		B2CFE0571FA549BE00C1CC33 /* icon_success_dark.png in Resources */ = {isa = PBXBuildFile; fileRef = B2CFE03E1FA549BD00C1CC33 /* icon_success_dark.png */; };
		B2CFE0581FA549BE00C1CC33 /* icon_success_dark@2x.png in Resources */ = {isa = PBXBuildFile; fileRef = B2CFE03F1FA549BD00C1CC33 /* icon_success_dark@2x.png */; };
		B2CFE0591FA549BE00C1CC33 /* icon_success_dark@3x.png in Resources */ = {isa = PBXBuildFile; fileRef = B2CFE0401FA549BD00C1CC33 /* icon_success_dark@3x.png */; };
		B2CFE05A1FA549BE00C1CC33 /* icon_info.png in Resources */ = {isa = PBXBuildFile; fileRef = B2CFE0421FA549BD00C1CC33 /* icon_info.png */; };
		B2CFE05B1FA549BE00C1CC33 /* icon_info@2x.png in Resources */ = {isa = PBXBuildFile; fileRef = B2CFE0431FA549BD00C1CC33 /* icon_info@2x.png */; };
		B2CFE05C1FA549BE00C1CC33 /* icon_info@3x.png in Resources */ = {isa = PBXBuildFile; fileRef = B2CFE0441FA549BD00C1CC33 /* icon_info@3x.png */; };
/* End PBXBuildFile section */

/* Begin PBXContainerItemProxy section */
		05C827281DD31B7A003E0C5E /* PBXContainerItemProxy */ = {
			isa = PBXContainerItemProxy;
			containerPortal = 05C827141DD31B7A003E0C5E /* Project object */;
			proxyType = 1;
			remoteGlobalIDString = 05C8271C1DD31B7A003E0C5E;
			remoteInfo = CFDraggableMessage;
		};
		05E511E11DE6A72200D3B765 /* PBXContainerItemProxy */ = {
			isa = PBXContainerItemProxy;
			containerPortal = 05C827141DD31B7A003E0C5E /* Project object */;
			proxyType = 1;
			remoteGlobalIDString = 05E511D81DE6A69900D3B765;
			remoteInfo = CFResources;
		};
/* End PBXContainerItemProxy section */

/* Begin PBXCopyFilesBuildPhase section */
		05E511DF1DE6A6A600D3B765 /* CopyFiles */ = {
			isa = PBXCopyFilesBuildPhase;
			buildActionMask = 2147483647;
			dstPath = "";
			dstSubfolderSpec = 7;
			files = (
			);
			runOnlyForDeploymentPostprocessing = 0;
		};
/* End PBXCopyFilesBuildPhase section */

/* Begin PBXFileReference section */
		05B074C21DE6F316003611FE /* BaseImageView.swift */ = {isa = PBXFileReference; fileEncoding = 4; lastKnownFileType = sourcecode.swift; name = BaseImageView.swift; path = CFNotify/Base/BaseImageView.swift; sourceTree = SOURCE_ROOT; };
		05B074C31DE6F316003611FE /* BaseLabel.swift */ = {isa = PBXFileReference; fileEncoding = 4; lastKnownFileType = sourcecode.swift; name = BaseLabel.swift; path = CFNotify/Base/BaseLabel.swift; sourceTree = SOURCE_ROOT; };
		05B074C61DE6F325003611FE /* CGRectEx.swift */ = {isa = PBXFileReference; fileEncoding = 4; lastKnownFileType = sourcecode.swift; name = CGRectEx.swift; path = CFNotify/Extension/CGRectEx.swift; sourceTree = SOURCE_ROOT; };
		05B074C81DE6F340003611FE /* ClassicView.swift */ = {isa = PBXFileReference; fileEncoding = 4; lastKnownFileType = sourcecode.swift; name = ClassicView.swift; path = CFNotify/CFNoticeView/ClassicView.swift; sourceTree = SOURCE_ROOT; };
		05B074C91DE6F340003611FE /* CyberView.swift */ = {isa = PBXFileReference; fileEncoding = 4; lastKnownFileType = sourcecode.swift; name = CyberView.swift; path = CFNotify/CFNoticeView/CyberView.swift; sourceTree = SOURCE_ROOT; };
		05B074CA1DE6F340003611FE /* ToastView.swift */ = {isa = PBXFileReference; fileEncoding = 4; lastKnownFileType = sourcecode.swift; name = ToastView.swift; path = CFNotify/CFNoticeView/ToastView.swift; sourceTree = SOURCE_ROOT; };
		05B074CE1DE6F358003611FE /* CFNotifyView.swift */ = {isa = PBXFileReference; fileEncoding = 4; lastKnownFileType = sourcecode.swift; name = CFNotifyView.swift; path = CFNotify/CFNotifyView.swift; sourceTree = SOURCE_ROOT; };
		05B074CF1DE6F358003611FE /* CFNotify.h */ = {isa = PBXFileReference; fileEncoding = 4; lastKnownFileType = sourcecode.c.h; name = CFNotify.h; path = CFNotify/CFNotify.h; sourceTree = SOURCE_ROOT; };
		05B074D01DE6F358003611FE /* CFNotify.swift */ = {isa = PBXFileReference; fileEncoding = 4; lastKnownFileType = sourcecode.swift; name = CFNotify.swift; path = CFNotify/CFNotify.swift; sourceTree = SOURCE_ROOT; };
		05B074D11DE6F358003611FE /* CFNotifyProtocols.swift */ = {isa = PBXFileReference; fileEncoding = 4; lastKnownFileType = sourcecode.swift; name = CFNotifyProtocols.swift; path = CFNotify/CFNotifyProtocols.swift; sourceTree = SOURCE_ROOT; };
		05B074D21DE6F358003611FE /* Notifier.swift */ = {isa = PBXFileReference; fileEncoding = 4; lastKnownFileType = sourcecode.swift; name = Notifier.swift; path = CFNotify/Notifier.swift; sourceTree = SOURCE_ROOT; };
		05C8271D1DD31B7A003E0C5E /* CFNotify.framework */ = {isa = PBXFileReference; explicitFileType = wrapper.framework; includeInIndex = 0; path = CFNotify.framework; sourceTree = BUILT_PRODUCTS_DIR; };
		05C827211DD31B7A003E0C5E /* Info.plist */ = {isa = PBXFileReference; lastKnownFileType = text.plist.xml; path = Info.plist; sourceTree = "<group>"; };
		05C827261DD31B7A003E0C5E /* CFNotifyTests.xctest */ = {isa = PBXFileReference; explicitFileType = wrapper.cfbundle; includeInIndex = 0; path = CFNotifyTests.xctest; sourceTree = BUILT_PRODUCTS_DIR; };
		05C8272B1DD31B7A003E0C5E /* CFNotifyTests.swift */ = {isa = PBXFileReference; lastKnownFileType = sourcecode.swift; path = CFNotifyTests.swift; sourceTree = "<group>"; };
		05C8272D1DD31B7A003E0C5E /* Info.plist */ = {isa = PBXFileReference; lastKnownFileType = text.plist.xml; path = Info.plist; sourceTree = "<group>"; };
		05C827381DD31FCE003E0C5E /* Nimble.framework */ = {isa = PBXFileReference; lastKnownFileType = wrapper.framework; name = Nimble.framework; path = "Carthage/Checkouts/Nimble/build/Debug-iphoneos/Nimble.framework"; sourceTree = "<group>"; };
		05C8273A1DD31FD5003E0C5E /* Quick.framework */ = {isa = PBXFileReference; lastKnownFileType = wrapper.framework; name = Quick.framework; path = "Carthage/Checkouts/Quick/build/Debug-iphoneos/Quick.framework"; sourceTree = "<group>"; };
		05E511D91DE6A69900D3B765 /* CFResources.bundle */ = {isa = PBXFileReference; explicitFileType = wrapper.cfbundle; includeInIndex = 0; path = CFResources.bundle; sourceTree = BUILT_PRODUCTS_DIR; };
		05E511DB1DE6A69900D3B765 /* Info.plist */ = {isa = PBXFileReference; lastKnownFileType = text.plist.xml; path = Info.plist; sourceTree = "<group>"; };
		B2CFE0261FA549BA00C1CC33 /* icon_info_dark.png */ = {isa = PBXFileReference; lastKnownFileType = image.png; path = icon_info_dark.png; sourceTree = "<group>"; };
		B2CFE0271FA549BA00C1CC33 /* icon_info_dark@2x.png */ = {isa = PBXFileReference; lastKnownFileType = image.png; path = "icon_info_dark@2x.png"; sourceTree = "<group>"; };
		B2CFE0281FA549BA00C1CC33 /* icon_info_dark@3x.png */ = {isa = PBXFileReference; lastKnownFileType = image.png; path = "icon_info_dark@3x.png"; sourceTree = "<group>"; };
		B2CFE02A1FA549BB00C1CC33 /* icon_fail_dark.png */ = {isa = PBXFileReference; lastKnownFileType = image.png; path = icon_fail_dark.png; sourceTree = "<group>"; };
		B2CFE02B1FA549BB00C1CC33 /* icon_fail_dark@2x.png */ = {isa = PBXFileReference; lastKnownFileType = image.png; path = "icon_fail_dark@2x.png"; sourceTree = "<group>"; };
		B2CFE02C1FA549BB00C1CC33 /* icon_fail_dark@3x.png */ = {isa = PBXFileReference; lastKnownFileType = image.png; path = "icon_fail_dark@3x.png"; sourceTree = "<group>"; };
		B2CFE02E1FA549BB00C1CC33 /* icon_warning.png */ = {isa = PBXFileReference; lastKnownFileType = image.png; path = icon_warning.png; sourceTree = "<group>"; };
		B2CFE02F1FA549BB00C1CC33 /* icon_warning@2x.png */ = {isa = PBXFileReference; lastKnownFileType = image.png; path = "icon_warning@2x.png"; sourceTree = "<group>"; };
		B2CFE0301FA549BB00C1CC33 /* icon_warning@3x.png */ = {isa = PBXFileReference; lastKnownFileType = image.png; path = "icon_warning@3x.png"; sourceTree = "<group>"; };
		B2CFE0321FA549BC00C1CC33 /* icon_success.png */ = {isa = PBXFileReference; lastKnownFileType = image.png; path = icon_success.png; sourceTree = "<group>"; };
		B2CFE0331FA549BC00C1CC33 /* icon_success@2x.png */ = {isa = PBXFileReference; lastKnownFileType = image.png; path = "icon_success@2x.png"; sourceTree = "<group>"; };
		B2CFE0341FA549BC00C1CC33 /* icon_success@3x.png */ = {isa = PBXFileReference; lastKnownFileType = image.png; path = "icon_success@3x.png"; sourceTree = "<group>"; };
		B2CFE0361FA549BC00C1CC33 /* icon_warning_dark.png */ = {isa = PBXFileReference; lastKnownFileType = image.png; path = icon_warning_dark.png; sourceTree = "<group>"; };
		B2CFE0371FA549BC00C1CC33 /* icon_warning_dark@2x.png */ = {isa = PBXFileReference; lastKnownFileType = image.png; path = "icon_warning_dark@2x.png"; sourceTree = "<group>"; };
		B2CFE0381FA549BC00C1CC33 /* icon_warning_dark@3x.png */ = {isa = PBXFileReference; lastKnownFileType = image.png; path = "icon_warning_dark@3x.png"; sourceTree = "<group>"; };
		B2CFE03A1FA549BD00C1CC33 /* icon_fail.png */ = {isa = PBXFileReference; lastKnownFileType = image.png; path = icon_fail.png; sourceTree = "<group>"; };
		B2CFE03B1FA549BD00C1CC33 /* icon_fail@2x.png */ = {isa = PBXFileReference; lastKnownFileType = image.png; path = "icon_fail@2x.png"; sourceTree = "<group>"; };
		B2CFE03C1FA549BD00C1CC33 /* icon_fail@3x.png */ = {isa = PBXFileReference; lastKnownFileType = image.png; path = "icon_fail@3x.png"; sourceTree = "<group>"; };
		B2CFE03E1FA549BD00C1CC33 /* icon_success_dark.png */ = {isa = PBXFileReference; lastKnownFileType = image.png; path = icon_success_dark.png; sourceTree = "<group>"; };
		B2CFE03F1FA549BD00C1CC33 /* icon_success_dark@2x.png */ = {isa = PBXFileReference; lastKnownFileType = image.png; path = "icon_success_dark@2x.png"; sourceTree = "<group>"; };
		B2CFE0401FA549BD00C1CC33 /* icon_success_dark@3x.png */ = {isa = PBXFileReference; lastKnownFileType = image.png; path = "icon_success_dark@3x.png"; sourceTree = "<group>"; };
		B2CFE0421FA549BD00C1CC33 /* icon_info.png */ = {isa = PBXFileReference; lastKnownFileType = image.png; path = icon_info.png; sourceTree = "<group>"; };
		B2CFE0431FA549BD00C1CC33 /* icon_info@2x.png */ = {isa = PBXFileReference; lastKnownFileType = image.png; path = "icon_info@2x.png"; sourceTree = "<group>"; };
		B2CFE0441FA549BD00C1CC33 /* icon_info@3x.png */ = {isa = PBXFileReference; lastKnownFileType = image.png; path = "icon_info@3x.png"; sourceTree = "<group>"; };
/* End PBXFileReference section */

/* Begin PBXFrameworksBuildPhase section */
		05C827191DD31B7A003E0C5E /* Frameworks */ = {
			isa = PBXFrameworksBuildPhase;
			buildActionMask = 2147483647;
			files = (
			);
			runOnlyForDeploymentPostprocessing = 0;
		};
		05C827231DD31B7A003E0C5E /* Frameworks */ = {
			isa = PBXFrameworksBuildPhase;
			buildActionMask = 2147483647;
			files = (
				05C8273B1DD31FD5003E0C5E /* Quick.framework in Frameworks */,
				05C827391DD31FCE003E0C5E /* Nimble.framework in Frameworks */,
				05C827271DD31B7A003E0C5E /* CFNotify.framework in Frameworks */,
			);
			runOnlyForDeploymentPostprocessing = 0;
		};
		05E511D61DE6A69900D3B765 /* Frameworks */ = {
			isa = PBXFrameworksBuildPhase;
			buildActionMask = 2147483647;
			files = (
			);
			runOnlyForDeploymentPostprocessing = 0;
		};
/* End PBXFrameworksBuildPhase section */

/* Begin PBXGroup section */
		0532121F1DD95F0D0008581A /* Extension */ = {
			isa = PBXGroup;
			children = (
				05B074C61DE6F325003611FE /* CGRectEx.swift */,
			);
			name = Extension;
			sourceTree = "<group>";
		};
		053212271DDDB7FB0008581A /* CFNoticeView */ = {
			isa = PBXGroup;
			children = (
				05B074C81DE6F340003611FE /* ClassicView.swift */,
				05B074C91DE6F340003611FE /* CyberView.swift */,
				05B074CA1DE6F340003611FE /* ToastView.swift */,
			);
			name = CFNoticeView;
			sourceTree = "<group>";
		};
		0532122E1DDEEAD10008581A /* Base */ = {
			isa = PBXGroup;
			children = (
				05B074C21DE6F316003611FE /* BaseImageView.swift */,
				05B074C31DE6F316003611FE /* BaseLabel.swift */,
			);
			name = Base;
			sourceTree = "<group>";
		};
		05C827131DD31B7A003E0C5E = {
			isa = PBXGroup;
			children = (
				05C8271F1DD31B7A003E0C5E /* CFNotify */,
				05C8272A1DD31B7A003E0C5E /* CFNotifyTests */,
				05E511DA1DE6A69900D3B765 /* CFResources */,
				05C8271E1DD31B7A003E0C5E /* Products */,
				05C827371DD31FCE003E0C5E /* Frameworks */,
			);
			sourceTree = "<group>";
		};
		05C8271E1DD31B7A003E0C5E /* Products */ = {
			isa = PBXGroup;
			children = (
				05C8271D1DD31B7A003E0C5E /* CFNotify.framework */,
				05C827261DD31B7A003E0C5E /* CFNotifyTests.xctest */,
				05E511D91DE6A69900D3B765 /* CFResources.bundle */,
			);
			name = Products;
			sourceTree = "<group>";
		};
		05C8271F1DD31B7A003E0C5E /* CFNotify */ = {
			isa = PBXGroup;
			children = (
				0532122E1DDEEAD10008581A /* Base */,
				0532121F1DD95F0D0008581A /* Extension */,
				053212271DDDB7FB0008581A /* CFNoticeView */,
				05B074D11DE6F358003611FE /* CFNotifyProtocols.swift */,
				05B074CE1DE6F358003611FE /* CFNotifyView.swift */,
				05B074D01DE6F358003611FE /* CFNotify.swift */,
				05B074D21DE6F358003611FE /* Notifier.swift */,
				05B074CF1DE6F358003611FE /* CFNotify.h */,
				05C827211DD31B7A003E0C5E /* Info.plist */,
			);
			path = CFNotify;
			sourceTree = "<group>";
		};
		05C8272A1DD31B7A003E0C5E /* CFNotifyTests */ = {
			isa = PBXGroup;
			children = (
				05C8272B1DD31B7A003E0C5E /* CFNotifyTests.swift */,
				05C8272D1DD31B7A003E0C5E /* Info.plist */,
			);
			path = CFNotifyTests;
			sourceTree = "<group>";
		};
		05C827371DD31FCE003E0C5E /* Frameworks */ = {
			isa = PBXGroup;
			children = (
				05C8273A1DD31FD5003E0C5E /* Quick.framework */,
				05C827381DD31FCE003E0C5E /* Nimble.framework */,
			);
			name = Frameworks;
			sourceTree = "<group>";
		};
		05E511DA1DE6A69900D3B765 /* CFResources */ = {
			isa = PBXGroup;
			children = (
				B2CFE0291FA549BB00C1CC33 /* icon_fail_dark.imageset */,
				B2CFE0391FA549BD00C1CC33 /* icon_fail.imageset */,
				B2CFE0251FA549BA00C1CC33 /* icon_info_dark.imageset */,
				B2CFE0411FA549BD00C1CC33 /* icon_info.imageset */,
				B2CFE03D1FA549BD00C1CC33 /* icon_success_dark.imageset */,
				B2CFE0311FA549BC00C1CC33 /* icon_success.imageset */,
				B2CFE0351FA549BC00C1CC33 /* icon_warning_dark.imageset */,
				B2CFE02D1FA549BB00C1CC33 /* icon_warning.imageset */,
				05E511DB1DE6A69900D3B765 /* Info.plist */,
			);
			path = CFResources;
			sourceTree = "<group>";
		};
		B2CFE0251FA549BA00C1CC33 /* icon_info_dark.imageset */ = {
			isa = PBXGroup;
			children = (
				B2CFE0261FA549BA00C1CC33 /* icon_info_dark.png */,
				B2CFE0271FA549BA00C1CC33 /* icon_info_dark@2x.png */,
				B2CFE0281FA549BA00C1CC33 /* icon_info_dark@3x.png */,
			);
			path = icon_info_dark.imageset;
			sourceTree = "<group>";
		};
		B2CFE0291FA549BB00C1CC33 /* icon_fail_dark.imageset */ = {
			isa = PBXGroup;
			children = (
				B2CFE02A1FA549BB00C1CC33 /* icon_fail_dark.png */,
				B2CFE02B1FA549BB00C1CC33 /* icon_fail_dark@2x.png */,
				B2CFE02C1FA549BB00C1CC33 /* icon_fail_dark@3x.png */,
			);
			path = icon_fail_dark.imageset;
			sourceTree = "<group>";
		};
		B2CFE02D1FA549BB00C1CC33 /* icon_warning.imageset */ = {
			isa = PBXGroup;
			children = (
				B2CFE02E1FA549BB00C1CC33 /* icon_warning.png */,
				B2CFE02F1FA549BB00C1CC33 /* icon_warning@2x.png */,
				B2CFE0301FA549BB00C1CC33 /* icon_warning@3x.png */,
			);
			path = icon_warning.imageset;
			sourceTree = "<group>";
		};
		B2CFE0311FA549BC00C1CC33 /* icon_success.imageset */ = {
			isa = PBXGroup;
			children = (
				B2CFE0321FA549BC00C1CC33 /* icon_success.png */,
				B2CFE0331FA549BC00C1CC33 /* icon_success@2x.png */,
				B2CFE0341FA549BC00C1CC33 /* icon_success@3x.png */,
			);
			path = icon_success.imageset;
			sourceTree = "<group>";
		};
		B2CFE0351FA549BC00C1CC33 /* icon_warning_dark.imageset */ = {
			isa = PBXGroup;
			children = (
				B2CFE0361FA549BC00C1CC33 /* icon_warning_dark.png */,
				B2CFE0371FA549BC00C1CC33 /* icon_warning_dark@2x.png */,
				B2CFE0381FA549BC00C1CC33 /* icon_warning_dark@3x.png */,
			);
			path = icon_warning_dark.imageset;
			sourceTree = "<group>";
		};
		B2CFE0391FA549BD00C1CC33 /* icon_fail.imageset */ = {
			isa = PBXGroup;
			children = (
				B2CFE03A1FA549BD00C1CC33 /* icon_fail.png */,
				B2CFE03B1FA549BD00C1CC33 /* icon_fail@2x.png */,
				B2CFE03C1FA549BD00C1CC33 /* icon_fail@3x.png */,
			);
			path = icon_fail.imageset;
			sourceTree = "<group>";
		};
		B2CFE03D1FA549BD00C1CC33 /* icon_success_dark.imageset */ = {
			isa = PBXGroup;
			children = (
				B2CFE03E1FA549BD00C1CC33 /* icon_success_dark.png */,
				B2CFE03F1FA549BD00C1CC33 /* icon_success_dark@2x.png */,
				B2CFE0401FA549BD00C1CC33 /* icon_success_dark@3x.png */,
			);
			path = icon_success_dark.imageset;
			sourceTree = "<group>";
		};
		B2CFE0411FA549BD00C1CC33 /* icon_info.imageset */ = {
			isa = PBXGroup;
			children = (
				B2CFE0421FA549BD00C1CC33 /* icon_info.png */,
				B2CFE0431FA549BD00C1CC33 /* icon_info@2x.png */,
				B2CFE0441FA549BD00C1CC33 /* icon_info@3x.png */,
			);
			path = icon_info.imageset;
			sourceTree = "<group>";
		};
/* End PBXGroup section */

/* Begin PBXHeadersBuildPhase section */
		05C8271A1DD31B7A003E0C5E /* Headers */ = {
			isa = PBXHeadersBuildPhase;
			buildActionMask = 2147483647;
			files = (
				05B074D41DE6F358003611FE /* CFNotify.h in Headers */,
			);
			runOnlyForDeploymentPostprocessing = 0;
		};
/* End PBXHeadersBuildPhase section */

/* Begin PBXNativeTarget section */
		05C8271C1DD31B7A003E0C5E /* CFNotify */ = {
			isa = PBXNativeTarget;
			buildConfigurationList = 05C827311DD31B7A003E0C5E /* Build configuration list for PBXNativeTarget "CFNotify" */;
			buildPhases = (
				05C827181DD31B7A003E0C5E /* Sources */,
				05C827191DD31B7A003E0C5E /* Frameworks */,
				05C8271A1DD31B7A003E0C5E /* Headers */,
				05C8271B1DD31B7A003E0C5E /* Resources */,
			);
			buildRules = (
			);
			dependencies = (
				05E511E21DE6A72200D3B765 /* PBXTargetDependency */,
			);
			name = CFNotify;
			productName = CFDraggableMessage;
			productReference = 05C8271D1DD31B7A003E0C5E /* CFNotify.framework */;
			productType = "com.apple.product-type.framework";
		};
		05C827251DD31B7A003E0C5E /* CFNotifyTests */ = {
			isa = PBXNativeTarget;
			buildConfigurationList = 05C827341DD31B7A003E0C5E /* Build configuration list for PBXNativeTarget "CFNotifyTests" */;
			buildPhases = (
				05C827221DD31B7A003E0C5E /* Sources */,
				05C827231DD31B7A003E0C5E /* Frameworks */,
				05C827241DD31B7A003E0C5E /* Resources */,
			);
			buildRules = (
			);
			dependencies = (
				05C827291DD31B7A003E0C5E /* PBXTargetDependency */,
			);
			name = CFNotifyTests;
			productName = CFDraggableMessageTests;
			productReference = 05C827261DD31B7A003E0C5E /* CFNotifyTests.xctest */;
			productType = "com.apple.product-type.bundle.unit-test";
		};
		05E511D81DE6A69900D3B765 /* CFResources */ = {
			isa = PBXNativeTarget;
			buildConfigurationList = 05E511DE1DE6A69900D3B765 /* Build configuration list for PBXNativeTarget "CFResources" */;
			buildPhases = (
				05E511D51DE6A69900D3B765 /* Sources */,
				05E511D61DE6A69900D3B765 /* Frameworks */,
				05E511D71DE6A69900D3B765 /* Resources */,
				05E511DF1DE6A6A600D3B765 /* CopyFiles */,
			);
			buildRules = (
			);
			dependencies = (
			);
			name = CFResources;
			productName = CFResources;
			productReference = 05E511D91DE6A69900D3B765 /* CFResources.bundle */;
			productType = "com.apple.product-type.bundle";
		};
/* End PBXNativeTarget section */

/* Begin PBXProject section */
		05C827141DD31B7A003E0C5E /* Project object */ = {
			isa = PBXProject;
			attributes = {
				LastSwiftUpdateCheck = 0810;
				LastUpgradeCheck = 0900;
				ORGANIZATIONNAME = "Johnny Choi@Co-Fire";
				TargetAttributes = {
					05C8271C1DD31B7A003E0C5E = {
						CreatedOnToolsVersion = 8.1;
						DevelopmentTeam = 6J24DF2E7Y;
						LastSwiftMigration = 0900;
						ProvisioningStyle = Automatic;
					};
					05C827251DD31B7A003E0C5E = {
						CreatedOnToolsVersion = 8.1;
						DevelopmentTeam = 6J24DF2E7Y;
						ProvisioningStyle = Automatic;
					};
					05E511D81DE6A69900D3B765 = {
						CreatedOnToolsVersion = 8.1;
						DevelopmentTeam = 6J24DF2E7Y;
						ProvisioningStyle = Automatic;
					};
				};
			};
			buildConfigurationList = 05C827171DD31B7A003E0C5E /* Build configuration list for PBXProject "CFNotify" */;
			compatibilityVersion = "Xcode 3.2";
			developmentRegion = English;
			hasScannedForEncodings = 0;
			knownRegions = (
				en,
			);
			mainGroup = 05C827131DD31B7A003E0C5E;
			productRefGroup = 05C8271E1DD31B7A003E0C5E /* Products */;
			projectDirPath = "";
			projectRoot = "";
			targets = (
				05C8271C1DD31B7A003E0C5E /* CFNotify */,
				05C827251DD31B7A003E0C5E /* CFNotifyTests */,
				05E511D81DE6A69900D3B765 /* CFResources */,
			);
		};
/* End PBXProject section */

/* Begin PBXResourcesBuildPhase section */
		05C8271B1DD31B7A003E0C5E /* Resources */ = {
			isa = PBXResourcesBuildPhase;
			buildActionMask = 2147483647;
			files = (
				05E511E61DE6BB3D00D3B765 /* CFResources.bundle in Resources */,
			);
			runOnlyForDeploymentPostprocessing = 0;
		};
		05C827241DD31B7A003E0C5E /* Resources */ = {
			isa = PBXResourcesBuildPhase;
			buildActionMask = 2147483647;
			files = (
			);
			runOnlyForDeploymentPostprocessing = 0;
		};
		05E511D71DE6A69900D3B765 /* Resources */ = {
			isa = PBXResourcesBuildPhase;
			buildActionMask = 2147483647;
			files = (
				B2CFE0561FA549BE00C1CC33 /* icon_fail@3x.png in Resources */,
				B2CFE04A1FA549BE00C1CC33 /* icon_fail_dark@3x.png in Resources */,
				B2CFE0511FA549BE00C1CC33 /* icon_warning_dark.png in Resources */,
				B2CFE0471FA549BE00C1CC33 /* icon_info_dark@3x.png in Resources */,
				B2CFE0451FA549BE00C1CC33 /* icon_info_dark.png in Resources */,
				B2CFE0541FA549BE00C1CC33 /* icon_fail.png in Resources */,
				B2CFE04D1FA549BE00C1CC33 /* icon_warning@3x.png in Resources */,
				B2CFE05B1FA549BE00C1CC33 /* icon_info@2x.png in Resources */,
				B2CFE0491FA549BE00C1CC33 /* icon_fail_dark@2x.png in Resources */,
				B2CFE0591FA549BE00C1CC33 /* icon_success_dark@3x.png in Resources */,
				B2CFE04B1FA549BE00C1CC33 /* icon_warning.png in Resources */,
				B2CFE0531FA549BE00C1CC33 /* icon_warning_dark@3x.png in Resources */,
				B2CFE0501FA549BE00C1CC33 /* icon_success@3x.png in Resources */,
				B2CFE0521FA549BE00C1CC33 /* icon_warning_dark@2x.png in Resources */,
				B2CFE04E1FA549BE00C1CC33 /* icon_success.png in Resources */,
				B2CFE0481FA549BE00C1CC33 /* icon_fail_dark.png in Resources */,
				B2CFE04C1FA549BE00C1CC33 /* icon_warning@2x.png in Resources */,
				B2CFE0461FA549BE00C1CC33 /* icon_info_dark@2x.png in Resources */,
				B2CFE05C1FA549BE00C1CC33 /* icon_info@3x.png in Resources */,
				B2CFE0551FA549BE00C1CC33 /* icon_fail@2x.png in Resources */,
				B2CFE0571FA549BE00C1CC33 /* icon_success_dark.png in Resources */,
				B2CFE04F1FA549BE00C1CC33 /* icon_success@2x.png in Resources */,
				B2CFE05A1FA549BE00C1CC33 /* icon_info.png in Resources */,
				B2CFE0581FA549BE00C1CC33 /* icon_success_dark@2x.png in Resources */,
			);
			runOnlyForDeploymentPostprocessing = 0;
		};
/* End PBXResourcesBuildPhase section */

/* Begin PBXSourcesBuildPhase section */
		05C827181DD31B7A003E0C5E /* Sources */ = {
			isa = PBXSourcesBuildPhase;
			buildActionMask = 2147483647;
			files = (
				05B074CC1DE6F340003611FE /* CyberView.swift in Sources */,
				05B074C41DE6F316003611FE /* BaseImageView.swift in Sources */,
				05B074D61DE6F358003611FE /* CFNotifyProtocols.swift in Sources */,
				05B074CB1DE6F340003611FE /* ClassicView.swift in Sources */,
				05B074D51DE6F358003611FE /* CFNotify.swift in Sources */,
				05B074D71DE6F358003611FE /* Notifier.swift in Sources */,
				05B074C71DE6F325003611FE /* CGRectEx.swift in Sources */,
				05B074CD1DE6F340003611FE /* ToastView.swift in Sources */,
				05B074C51DE6F316003611FE /* BaseLabel.swift in Sources */,
				05B074D31DE6F358003611FE /* CFNotifyView.swift in Sources */,
			);
			runOnlyForDeploymentPostprocessing = 0;
		};
		05C827221DD31B7A003E0C5E /* Sources */ = {
			isa = PBXSourcesBuildPhase;
			buildActionMask = 2147483647;
			files = (
				05C8272C1DD31B7A003E0C5E /* CFNotifyTests.swift in Sources */,
			);
			runOnlyForDeploymentPostprocessing = 0;
		};
		05E511D51DE6A69900D3B765 /* Sources */ = {
			isa = PBXSourcesBuildPhase;
			buildActionMask = 2147483647;
			files = (
			);
			runOnlyForDeploymentPostprocessing = 0;
		};
/* End PBXSourcesBuildPhase section */

/* Begin PBXTargetDependency section */
		05C827291DD31B7A003E0C5E /* PBXTargetDependency */ = {
			isa = PBXTargetDependency;
			target = 05C8271C1DD31B7A003E0C5E /* CFNotify */;
			targetProxy = 05C827281DD31B7A003E0C5E /* PBXContainerItemProxy */;
		};
		05E511E21DE6A72200D3B765 /* PBXTargetDependency */ = {
			isa = PBXTargetDependency;
			target = 05E511D81DE6A69900D3B765 /* CFResources */;
			targetProxy = 05E511E11DE6A72200D3B765 /* PBXContainerItemProxy */;
		};
/* End PBXTargetDependency section */

/* Begin XCBuildConfiguration section */
		05C8272F1DD31B7A003E0C5E /* Debug */ = {
			isa = XCBuildConfiguration;
			buildSettings = {
				ALWAYS_SEARCH_USER_PATHS = NO;
				CLANG_ANALYZER_NONNULL = YES;
				CLANG_CXX_LANGUAGE_STANDARD = "gnu++0x";
				CLANG_CXX_LIBRARY = "libc++";
				CLANG_ENABLE_MODULES = YES;
				CLANG_ENABLE_OBJC_ARC = YES;
				CLANG_WARN_BLOCK_CAPTURE_AUTORELEASING = YES;
				CLANG_WARN_BOOL_CONVERSION = YES;
				CLANG_WARN_COMMA = YES;
				CLANG_WARN_CONSTANT_CONVERSION = YES;
				CLANG_WARN_DIRECT_OBJC_ISA_USAGE = YES_ERROR;
				CLANG_WARN_DOCUMENTATION_COMMENTS = YES;
				CLANG_WARN_EMPTY_BODY = YES;
				CLANG_WARN_ENUM_CONVERSION = YES;
				CLANG_WARN_INFINITE_RECURSION = YES;
				CLANG_WARN_INT_CONVERSION = YES;
				CLANG_WARN_NON_LITERAL_NULL_CONVERSION = YES;
				CLANG_WARN_OBJC_LITERAL_CONVERSION = YES;
				CLANG_WARN_OBJC_ROOT_CLASS = YES_ERROR;
				CLANG_WARN_RANGE_LOOP_ANALYSIS = YES;
				CLANG_WARN_STRICT_PROTOTYPES = YES;
				CLANG_WARN_SUSPICIOUS_MOVE = YES;
				CLANG_WARN_SUSPICIOUS_MOVES = YES;
				CLANG_WARN_UNREACHABLE_CODE = YES;
				CLANG_WARN__DUPLICATE_METHOD_MATCH = YES;
				"CODE_SIGN_IDENTITY[sdk=iphoneos*]" = "iPhone Developer";
				COPY_PHASE_STRIP = NO;
				CURRENT_PROJECT_VERSION = 1;
				DEBUG_INFORMATION_FORMAT = dwarf;
				ENABLE_STRICT_OBJC_MSGSEND = YES;
				ENABLE_TESTABILITY = YES;
				GCC_C_LANGUAGE_STANDARD = gnu99;
				GCC_DYNAMIC_NO_PIC = NO;
				GCC_NO_COMMON_BLOCKS = YES;
				GCC_OPTIMIZATION_LEVEL = 0;
				GCC_PREPROCESSOR_DEFINITIONS = (
					"DEBUG=1",
					"$(inherited)",
				);
				GCC_WARN_64_TO_32_BIT_CONVERSION = YES;
				GCC_WARN_ABOUT_RETURN_TYPE = YES_ERROR;
				GCC_WARN_UNDECLARED_SELECTOR = YES;
				GCC_WARN_UNINITIALIZED_AUTOS = YES_AGGRESSIVE;
				GCC_WARN_UNUSED_FUNCTION = YES;
				GCC_WARN_UNUSED_VARIABLE = YES;
				IPHONEOS_DEPLOYMENT_TARGET = 9.0;
				MTL_ENABLE_DEBUG_INFO = YES;
				ONLY_ACTIVE_ARCH = YES;
				SDKROOT = iphoneos;
				SWIFT_ACTIVE_COMPILATION_CONDITIONS = DEBUG;
				SWIFT_OPTIMIZATION_LEVEL = "-Onone";
				TARGETED_DEVICE_FAMILY = "1,2";
				VERSIONING_SYSTEM = "apple-generic";
				VERSION_INFO_PREFIX = "";
			};
			name = Debug;
		};
		05C827301DD31B7A003E0C5E /* Release */ = {
			isa = XCBuildConfiguration;
			buildSettings = {
				ALWAYS_SEARCH_USER_PATHS = NO;
				CLANG_ANALYZER_NONNULL = YES;
				CLANG_CXX_LANGUAGE_STANDARD = "gnu++0x";
				CLANG_CXX_LIBRARY = "libc++";
				CLANG_ENABLE_MODULES = YES;
				CLANG_ENABLE_OBJC_ARC = YES;
				CLANG_WARN_BLOCK_CAPTURE_AUTORELEASING = YES;
				CLANG_WARN_BOOL_CONVERSION = YES;
				CLANG_WARN_COMMA = YES;
				CLANG_WARN_CONSTANT_CONVERSION = YES;
				CLANG_WARN_DIRECT_OBJC_ISA_USAGE = YES_ERROR;
				CLANG_WARN_DOCUMENTATION_COMMENTS = YES;
				CLANG_WARN_EMPTY_BODY = YES;
				CLANG_WARN_ENUM_CONVERSION = YES;
				CLANG_WARN_INFINITE_RECURSION = YES;
				CLANG_WARN_INT_CONVERSION = YES;
				CLANG_WARN_NON_LITERAL_NULL_CONVERSION = YES;
				CLANG_WARN_OBJC_LITERAL_CONVERSION = YES;
				CLANG_WARN_OBJC_ROOT_CLASS = YES_ERROR;
				CLANG_WARN_RANGE_LOOP_ANALYSIS = YES;
				CLANG_WARN_STRICT_PROTOTYPES = YES;
				CLANG_WARN_SUSPICIOUS_MOVE = YES;
				CLANG_WARN_SUSPICIOUS_MOVES = YES;
				CLANG_WARN_UNREACHABLE_CODE = YES;
				CLANG_WARN__DUPLICATE_METHOD_MATCH = YES;
				"CODE_SIGN_IDENTITY[sdk=iphoneos*]" = "iPhone Developer";
				COPY_PHASE_STRIP = NO;
				CURRENT_PROJECT_VERSION = 1;
				DEBUG_INFORMATION_FORMAT = "dwarf-with-dsym";
				ENABLE_NS_ASSERTIONS = NO;
				ENABLE_STRICT_OBJC_MSGSEND = YES;
				GCC_C_LANGUAGE_STANDARD = gnu99;
				GCC_NO_COMMON_BLOCKS = YES;
				GCC_WARN_64_TO_32_BIT_CONVERSION = YES;
				GCC_WARN_ABOUT_RETURN_TYPE = YES_ERROR;
				GCC_WARN_UNDECLARED_SELECTOR = YES;
				GCC_WARN_UNINITIALIZED_AUTOS = YES_AGGRESSIVE;
				GCC_WARN_UNUSED_FUNCTION = YES;
				GCC_WARN_UNUSED_VARIABLE = YES;
				IPHONEOS_DEPLOYMENT_TARGET = 9.0;
				MTL_ENABLE_DEBUG_INFO = NO;
				SDKROOT = iphoneos;
				SWIFT_OPTIMIZATION_LEVEL = "-Owholemodule";
				TARGETED_DEVICE_FAMILY = "1,2";
				VALIDATE_PRODUCT = YES;
				VERSIONING_SYSTEM = "apple-generic";
				VERSION_INFO_PREFIX = "";
			};
			name = Release;
		};
		05C827321DD31B7A003E0C5E /* Debug */ = {
			isa = XCBuildConfiguration;
			buildSettings = {
				CLANG_ENABLE_MODULES = YES;
				CODE_SIGN_IDENTITY = "";
				DEFINES_MODULE = YES;
				DEVELOPMENT_TEAM = 6J24DF2E7Y;
				DYLIB_COMPATIBILITY_VERSION = 1;
				DYLIB_CURRENT_VERSION = 1;
				DYLIB_INSTALL_NAME_BASE = "@rpath";
				INFOPLIST_FILE = CFNotify/Info.plist;
				INSTALL_PATH = "$(LOCAL_LIBRARY_DIR)/Frameworks";
				IPHONEOS_DEPLOYMENT_TARGET = 9.0;
				LD_RUNPATH_SEARCH_PATHS = "$(inherited) @executable_path/Frameworks @loader_path/Frameworks";
				PRODUCT_BUNDLE_IDENTIFIER = "hk.co-fire.CFNotify";
				PRODUCT_NAME = "$(TARGET_NAME)";
				SKIP_INSTALL = YES;
				SWIFT_OPTIMIZATION_LEVEL = "-Onone";
				SWIFT_SWIFT3_OBJC_INFERENCE = Default;
				SWIFT_VERSION = 4.0;
				TARGETED_DEVICE_FAMILY = "1,2";
			};
			name = Debug;
		};
		05C827331DD31B7A003E0C5E /* Release */ = {
			isa = XCBuildConfiguration;
			buildSettings = {
				CLANG_ENABLE_MODULES = YES;
				CODE_SIGN_IDENTITY = "";
				DEFINES_MODULE = YES;
				DEVELOPMENT_TEAM = 6J24DF2E7Y;
				DYLIB_COMPATIBILITY_VERSION = 1;
				DYLIB_CURRENT_VERSION = 1;
				DYLIB_INSTALL_NAME_BASE = "@rpath";
				INFOPLIST_FILE = CFNotify/Info.plist;
				INSTALL_PATH = "$(LOCAL_LIBRARY_DIR)/Frameworks";
				IPHONEOS_DEPLOYMENT_TARGET = 9.0;
				LD_RUNPATH_SEARCH_PATHS = "$(inherited) @executable_path/Frameworks @loader_path/Frameworks";
				PRODUCT_BUNDLE_IDENTIFIER = "hk.co-fire.CFNotify";
				PRODUCT_NAME = "$(TARGET_NAME)";
				SKIP_INSTALL = YES;
				SWIFT_SWIFT3_OBJC_INFERENCE = Default;
				SWIFT_VERSION = 4.0;
				TARGETED_DEVICE_FAMILY = "1,2";
			};
			name = Release;
		};
		05C827351DD31B7A003E0C5E /* Debug */ = {
			isa = XCBuildConfiguration;
			buildSettings = {
				ALWAYS_EMBED_SWIFT_STANDARD_LIBRARIES = YES;
				DEVELOPMENT_TEAM = 6J24DF2E7Y;
				INFOPLIST_FILE = CFNotify/Info.plist;
				LD_RUNPATH_SEARCH_PATHS = "$(inherited) @executable_path/Frameworks @loader_path/Frameworks";
				PRODUCT_BUNDLE_IDENTIFIER = "hk.co-fire.CFNotifyTests";
				PRODUCT_NAME = "$(TARGET_NAME)";
				SWIFT_VERSION = 3.0;
			};
			name = Debug;
		};
		05C827361DD31B7A003E0C5E /* Release */ = {
			isa = XCBuildConfiguration;
			buildSettings = {
				ALWAYS_EMBED_SWIFT_STANDARD_LIBRARIES = YES;
				DEVELOPMENT_TEAM = 6J24DF2E7Y;
				INFOPLIST_FILE = CFNotify/Info.plist;
				LD_RUNPATH_SEARCH_PATHS = "$(inherited) @executable_path/Frameworks @loader_path/Frameworks";
				PRODUCT_BUNDLE_IDENTIFIER = "hk.co-fire.CFNotifyTests";
				PRODUCT_NAME = "$(TARGET_NAME)";
				SWIFT_VERSION = 3.0;
			};
			name = Release;
		};
		05E511DC1DE6A69900D3B765 /* Debug */ = {
			isa = XCBuildConfiguration;
			buildSettings = {
				CODE_SIGN_IDENTITY = "-";
				COMBINE_HIDPI_IMAGES = NO;
				DEVELOPMENT_TEAM = 6J24DF2E7Y;
				ENABLE_BITCODE = NO;
				INFOPLIST_FILE = CFResources/Info.plist;
				INSTALL_PATH = "$(LOCAL_LIBRARY_DIR)/Bundles";
				IPHONEOS_DEPLOYMENT_TARGET = 9.0;
				MACOSX_DEPLOYMENT_TARGET = 10.12;
				PRODUCT_BUNDLE_IDENTIFIER = "hk.co-fire.CFResources";
				PRODUCT_NAME = "$(TARGET_NAME)";
				SKIP_INSTALL = YES;
				WRAPPER_EXTENSION = bundle;
			};
			name = Debug;
		};
		05E511DD1DE6A69900D3B765 /* Release */ = {
			isa = XCBuildConfiguration;
			buildSettings = {
				CODE_SIGN_IDENTITY = "-";
				COMBINE_HIDPI_IMAGES = NO;
				DEVELOPMENT_TEAM = 6J24DF2E7Y;
				ENABLE_BITCODE = NO;
				INFOPLIST_FILE = CFResources/Info.plist;
				INSTALL_PATH = "$(LOCAL_LIBRARY_DIR)/Bundles";
				IPHONEOS_DEPLOYMENT_TARGET = 9.0;
				MACOSX_DEPLOYMENT_TARGET = 10.12;
				PRODUCT_BUNDLE_IDENTIFIER = "hk.co-fire.CFResources";
				PRODUCT_NAME = "$(TARGET_NAME)";
				SKIP_INSTALL = YES;
				WRAPPER_EXTENSION = bundle;
			};
			name = Release;
		};
/* End XCBuildConfiguration section */

/* Begin XCConfigurationList section */
		05C827171DD31B7A003E0C5E /* Build configuration list for PBXProject "CFNotify" */ = {
			isa = XCConfigurationList;
			buildConfigurations = (
				05C8272F1DD31B7A003E0C5E /* Debug */,
				05C827301DD31B7A003E0C5E /* Release */,
			);
			defaultConfigurationIsVisible = 0;
			defaultConfigurationName = Release;
		};
		05C827311DD31B7A003E0C5E /* Build configuration list for PBXNativeTarget "CFNotify" */ = {
			isa = XCConfigurationList;
			buildConfigurations = (
				05C827321DD31B7A003E0C5E /* Debug */,
				05C827331DD31B7A003E0C5E /* Release */,
			);
			defaultConfigurationIsVisible = 0;
			defaultConfigurationName = Release;
		};
		05C827341DD31B7A003E0C5E /* Build configuration list for PBXNativeTarget "CFNotifyTests" */ = {
			isa = XCConfigurationList;
			buildConfigurations = (
				05C827351DD31B7A003E0C5E /* Debug */,
				05C827361DD31B7A003E0C5E /* Release */,
			);
			defaultConfigurationIsVisible = 0;
			defaultConfigurationName = Release;
		};
		05E511DE1DE6A69900D3B765 /* Build configuration list for PBXNativeTarget "CFResources" */ = {
			isa = XCConfigurationList;
			buildConfigurations = (
				05E511DC1DE6A69900D3B765 /* Debug */,
				05E511DD1DE6A69900D3B765 /* Release */,
			);
			defaultConfigurationIsVisible = 0;
			defaultConfigurationName = Release;
		};
/* End XCConfigurationList section */
	};
	rootObject = 05C827141DD31B7A003E0C5E /* Project object */;
}
